// !$*UTF8*$!
{
	archiveVersion = 1;
	classes = {
	};
	objectVersion = 50;
	objects = {

/* Begin PBXBuildFile section */
		65F16A5A257521110095C607 /* XAPSDK.h in Headers */ = {isa = PBXBuildFile; fileRef = 65F16A58257521110095C607 /* XAPSDK.h */; settings = {ATTRIBUTES = (Public, ); }; };
		65F16A6A257522B10095C607 /* XAPScriptor.h in Headers */ = {isa = PBXBuildFile; fileRef = 65F16A68257522B10095C607 /* XAPScriptor.h */; settings = {ATTRIBUTES = (Public, ); }; };
		65F16A6B257522B10095C607 /* XAPScriptor.m in Sources */ = {isa = PBXBuildFile; fileRef = 65F16A69257522B10095C607 /* XAPScriptor.m */; };
		65F16A70257522C10095C607 /* XAPScriptModel.h in Headers */ = {isa = PBXBuildFile; fileRef = 65F16A6E257522C10095C607 /* XAPScriptModel.h */; };
		65F16A71257522C10095C607 /* XAPScriptModel.m in Sources */ = {isa = PBXBuildFile; fileRef = 65F16A6F257522C10095C607 /* XAPScriptModel.m */; };
		65F16A7A257522DD0095C607 /* XAPScriptResposity.h in Headers */ = {isa = PBXBuildFile; fileRef = 65F16A78257522DD0095C607 /* XAPScriptResposity.h */; };
		65F16A7B257522DD0095C607 /* XAPScriptResposity.m in Sources */ = {isa = PBXBuildFile; fileRef = 65F16A79257522DD0095C607 /* XAPScriptResposity.m */; };
		65F16A7F257522EC0095C607 /* XAPScriptExecutor.h in Headers */ = {isa = PBXBuildFile; fileRef = 65F16A7D257522EC0095C607 /* XAPScriptExecutor.h */; };
		65F16A80257522EC0095C607 /* XAPScriptExecutor.m in Sources */ = {isa = PBXBuildFile; fileRef = 65F16A7E257522EC0095C607 /* XAPScriptExecutor.m */; };
		65F16A852575236E0095C607 /* XAPConstant.h in Headers */ = {isa = PBXBuildFile; fileRef = 65F16A832575236E0095C607 /* XAPConstant.h */; settings = {ATTRIBUTES = (Public, ); }; };
		65F16A862575236E0095C607 /* XAPConstant.m in Sources */ = {isa = PBXBuildFile; fileRef = 65F16A842575236E0095C607 /* XAPConstant.m */; };
		65F16A8D25753FB20095C607 /* XAPScriptPathManager.h in Headers */ = {isa = PBXBuildFile; fileRef = 65F16A8B25753FB20095C607 /* XAPScriptPathManager.h */; };
		65F16A8E25753FB20095C607 /* XAPScriptPathManager.m in Sources */ = {isa = PBXBuildFile; fileRef = 65F16A8C25753FB20095C607 /* XAPScriptPathManager.m */; };
		65F16A952577F10D0095C607 /* XAPZipTools.h in Headers */ = {isa = PBXBuildFile; fileRef = 65F16A932577F10D0095C607 /* XAPZipTools.h */; };
		65F16A962577F10D0095C607 /* XAPZipTools.m in Sources */ = {isa = PBXBuildFile; fileRef = 65F16A942577F10D0095C607 /* XAPZipTools.m */; };
		65F16ABC2577F1390095C607 /* ZipArchive.h in Headers */ = {isa = PBXBuildFile; fileRef = 65F16A992577F1390095C607 /* ZipArchive.h */; };
		65F16ABD2577F1390095C607 /* mz_strm_os_posix.c in Sources */ = {isa = PBXBuildFile; fileRef = 65F16A9B2577F1390095C607 /* mz_strm_os_posix.c */; };
		65F16ABE2577F1390095C607 /* mz_strm_pkcrypt.c in Sources */ = {isa = PBXBuildFile; fileRef = 65F16A9C2577F1390095C607 /* mz_strm_pkcrypt.c */; };
		65F16ABF2577F1390095C607 /* mz_strm_wzaes.h in Headers */ = {isa = PBXBuildFile; fileRef = 65F16A9D2577F1390095C607 /* mz_strm_wzaes.h */; };
		65F16AC02577F1390095C607 /* mz_compat.h in Headers */ = {isa = PBXBuildFile; fileRef = 65F16A9E2577F1390095C607 /* mz_compat.h */; };
		65F16AC12577F1390095C607 /* mz_strm_zlib.c in Sources */ = {isa = PBXBuildFile; fileRef = 65F16A9F2577F1390095C607 /* mz_strm_zlib.c */; };
		65F16AC22577F1390095C607 /* mz_zip.c in Sources */ = {isa = PBXBuildFile; fileRef = 65F16AA02577F1390095C607 /* mz_zip.c */; };
		65F16AC32577F1390095C607 /* mz_os.h in Headers */ = {isa = PBXBuildFile; fileRef = 65F16AA12577F1390095C607 /* mz_os.h */; };
		65F16AC42577F1390095C607 /* LICENSE in Resources */ = {isa = PBXBuildFile; fileRef = 65F16AA22577F1390095C607 /* LICENSE */; };
		65F16AC52577F13A0095C607 /* mz_zip_rw.c in Sources */ = {isa = PBXBuildFile; fileRef = 65F16AA32577F1390095C607 /* mz_zip_rw.c */; };
		65F16AC62577F13A0095C607 /* mz_strm_split.h in Headers */ = {isa = PBXBuildFile; fileRef = 65F16AA42577F1390095C607 /* mz_strm_split.h */; };
		65F16AC72577F13A0095C607 /* mz_strm_buf.h in Headers */ = {isa = PBXBuildFile; fileRef = 65F16AA52577F1390095C607 /* mz_strm_buf.h */; };
		65F16AC82577F13A0095C607 /* mz_crypt_apple.c in Sources */ = {isa = PBXBuildFile; fileRef = 65F16AA62577F1390095C607 /* mz_crypt_apple.c */; };
		65F16AC92577F13A0095C607 /* mz_strm.h in Headers */ = {isa = PBXBuildFile; fileRef = 65F16AA72577F1390095C607 /* mz_strm.h */; };
		65F16ACA2577F13A0095C607 /* mz_strm_mem.c in Sources */ = {isa = PBXBuildFile; fileRef = 65F16AA82577F1390095C607 /* mz_strm_mem.c */; };
		65F16ACB2577F13A0095C607 /* mz_crypt.c in Sources */ = {isa = PBXBuildFile; fileRef = 65F16AA92577F1390095C607 /* mz_crypt.c */; };
		65F16ACC2577F13A0095C607 /* mz_strm_wzaes.c in Sources */ = {isa = PBXBuildFile; fileRef = 65F16AAA2577F1390095C607 /* mz_strm_wzaes.c */; };
		65F16ACD2577F13A0095C607 /* mz_strm_zlib.h in Headers */ = {isa = PBXBuildFile; fileRef = 65F16AAB2577F1390095C607 /* mz_strm_zlib.h */; };
		65F16ACE2577F13A0095C607 /* mz_compat.c in Sources */ = {isa = PBXBuildFile; fileRef = 65F16AAC2577F1390095C607 /* mz_compat.c */; };
		65F16ACF2577F13A0095C607 /* mz_strm_pkcrypt.h in Headers */ = {isa = PBXBuildFile; fileRef = 65F16AAD2577F1390095C607 /* mz_strm_pkcrypt.h */; };
		65F16AD02577F13A0095C607 /* mz_zip_rw.h in Headers */ = {isa = PBXBuildFile; fileRef = 65F16AAE2577F1390095C607 /* mz_zip_rw.h */; };
		65F16AD12577F13A0095C607 /* mz_os.c in Sources */ = {isa = PBXBuildFile; fileRef = 65F16AAF2577F1390095C607 /* mz_os.c */; };
		65F16AD22577F13A0095C607 /* mz_zip.h in Headers */ = {isa = PBXBuildFile; fileRef = 65F16AB02577F1390095C607 /* mz_zip.h */; };
		65F16AD32577F13A0095C607 /* mz_os_posix.c in Sources */ = {isa = PBXBuildFile; fileRef = 65F16AB12577F1390095C607 /* mz_os_posix.c */; };
		65F16AD42577F13A0095C607 /* mz.h in Headers */ = {isa = PBXBuildFile; fileRef = 65F16AB22577F1390095C607 /* mz.h */; };
		65F16AD52577F13A0095C607 /* mz_strm_buf.c in Sources */ = {isa = PBXBuildFile; fileRef = 65F16AB32577F1390095C607 /* mz_strm_buf.c */; };
		65F16AD62577F13A0095C607 /* mz_strm_split.c in Sources */ = {isa = PBXBuildFile; fileRef = 65F16AB42577F1390095C607 /* mz_strm_split.c */; };
		65F16AD72577F13A0095C607 /* mz_crypt.h in Headers */ = {isa = PBXBuildFile; fileRef = 65F16AB52577F1390095C607 /* mz_crypt.h */; };
		65F16AD82577F13A0095C607 /* mz_strm_mem.h in Headers */ = {isa = PBXBuildFile; fileRef = 65F16AB62577F1390095C607 /* mz_strm_mem.h */; };
		65F16AD92577F13A0095C607 /* mz_strm.c in Sources */ = {isa = PBXBuildFile; fileRef = 65F16AB72577F1390095C607 /* mz_strm.c */; };
		65F16ADA2577F13A0095C607 /* mz_strm_os.h in Headers */ = {isa = PBXBuildFile; fileRef = 65F16AB82577F1390095C607 /* mz_strm_os.h */; };
		65F16ADB2577F13A0095C607 /* SSZipArchive.h in Headers */ = {isa = PBXBuildFile; fileRef = 65F16AB92577F1390095C607 /* SSZipArchive.h */; };
		65F16ADC2577F13A0095C607 /* SSZipCommon.h in Headers */ = {isa = PBXBuildFile; fileRef = 65F16ABA2577F1390095C607 /* SSZipCommon.h */; };
		65F16ADD2577F13A0095C607 /* SSZipArchive.m in Sources */ = {isa = PBXBuildFile; fileRef = 65F16ABB2577F1390095C607 /* SSZipArchive.m */; };
		65F16AF72578065F0095C607 /* XAPProvisioningProfileModel.h in Headers */ = {isa = PBXBuildFile; fileRef = 65F16AF52578065F0095C607 /* XAPProvisioningProfileModel.h */; settings = {ATTRIBUTES = (Public, ); }; };
		65F16AF82578065F0095C607 /* XAPProvisioningProfileModel.m in Sources */ = {isa = PBXBuildFile; fileRef = 65F16AF62578065F0095C607 /* XAPProvisioningProfileModel.m */; };
		65F16AFD25780A1C0095C607 /* libiconv.tbd in Frameworks */ = {isa = PBXBuildFile; fileRef = 65F16AFC25780A1C0095C607 /* libiconv.tbd */; };
		65F16B0025780A230095C607 /* libz.tbd in Frameworks */ = {isa = PBXBuildFile; fileRef = 65F16AFF25780A230095C607 /* libz.tbd */; };
		65F16B44257FAD830095C607 /* XAPXMLTools.h in Headers */ = {isa = PBXBuildFile; fileRef = 65F16B42257FAD830095C607 /* XAPXMLTools.h */; };
		65F16B45257FAD830095C607 /* XAPXMLTools.m in Sources */ = {isa = PBXBuildFile; fileRef = 65F16B43257FAD830095C607 /* XAPXMLTools.m */; };
		65F16B4E2580F2330095C607 /* XAPInfoPlistModel.h in Headers */ = {isa = PBXBuildFile; fileRef = 65F16B4C2580F2330095C607 /* XAPInfoPlistModel.h */; };
		65F16B4F2580F2330095C607 /* XAPInfoPlistModel.m in Sources */ = {isa = PBXBuildFile; fileRef = 65F16B4D2580F2330095C607 /* XAPInfoPlistModel.m */; };
		65F16B552580F4390095C607 /* XAPAppModel.h in Headers */ = {isa = PBXBuildFile; fileRef = 65F16B532580F4390095C607 /* XAPAppModel.h */; };
		65F16B562580F4390095C607 /* XAPAppModel.m in Sources */ = {isa = PBXBuildFile; fileRef = 65F16B542580F4390095C607 /* XAPAppModel.m */; };
		65F16B5C2580F4D70095C607 /* XAPPodModel.h in Headers */ = {isa = PBXBuildFile; fileRef = 65F16B5A2580F4D70095C607 /* XAPPodModel.h */; };
		65F16B5D2580F4D70095C607 /* XAPPodModel.m in Sources */ = {isa = PBXBuildFile; fileRef = 65F16B5B2580F4D70095C607 /* XAPPodModel.m */; };
		65F16B632580F50B0095C607 /* XAPGitModel.h in Headers */ = {isa = PBXBuildFile; fileRef = 65F16B612580F50B0095C607 /* XAPGitModel.h */; };
		65F16B642580F50B0095C607 /* XAPGitModel.m in Sources */ = {isa = PBXBuildFile; fileRef = 65F16B622580F50B0095C607 /* XAPGitModel.m */; };
		65F16B6A2580F5A70095C607 /* XAPArchiveModel.h in Headers */ = {isa = PBXBuildFile; fileRef = 65F16B682580F5A70095C607 /* XAPArchiveModel.h */; };
		65F16B6B2580F5A70095C607 /* XAPArchiveModel.m in Sources */ = {isa = PBXBuildFile; fileRef = 65F16B692580F5A70095C607 /* XAPArchiveModel.m */; };
		65F16B6F2580F6170095C607 /* XAPIPAModel.h in Headers */ = {isa = PBXBuildFile; fileRef = 65F16B6D2580F6170095C607 /* XAPIPAModel.h */; };
		65F16B702580F6170095C607 /* XAPIPAModel.m in Sources */ = {isa = PBXBuildFile; fileRef = 65F16B6E2580F6170095C607 /* XAPIPAModel.m */; };
		65F16B762580F7B50095C607 /* XAPPBXObject.h in Headers */ = {isa = PBXBuildFile; fileRef = 65F16B742580F7B50095C607 /* XAPPBXObject.h */; };
		65F16B772580F7B50095C607 /* XAPPBXObject.m in Sources */ = {isa = PBXBuildFile; fileRef = 65F16B752580F7B50095C607 /* XAPPBXObject.m */; };
		65F16B7C2581033C0095C607 /* XAPEngineerModel.m in Sources */ = {isa = PBXBuildFile; fileRef = 65F16B7A2581033C0095C607 /* XAPEngineerModel.m */; };
		65F16B80258103620095C607 /* XAPWorkspaceModel.h in Headers */ = {isa = PBXBuildFile; fileRef = 65F16B7E258103620095C607 /* XAPWorkspaceModel.h */; };
		65F16B81258103620095C607 /* XAPWorkspaceModel.m in Sources */ = {isa = PBXBuildFile; fileRef = 65F16B7F258103620095C607 /* XAPWorkspaceModel.m */; };
		65F16B85258103A50095C607 /* XAPProjectModel.h in Headers */ = {isa = PBXBuildFile; fileRef = 65F16B83258103A50095C607 /* XAPProjectModel.h */; };
		65F16B86258103A50095C607 /* XAPProjectModel.m in Sources */ = {isa = PBXBuildFile; fileRef = 65F16B84258103A50095C607 /* XAPProjectModel.m */; };
		65F16B8A2581040E0095C607 /* XAPTargetModel.h in Headers */ = {isa = PBXBuildFile; fileRef = 65F16B882581040E0095C607 /* XAPTargetModel.h */; };
		65F16B8B2581040E0095C607 /* XAPTargetModel.m in Sources */ = {isa = PBXBuildFile; fileRef = 65F16B892581040E0095C607 /* XAPTargetModel.m */; };
		65F16B8F2581041E0095C607 /* XAPBuildConfigurationListModel.h in Headers */ = {isa = PBXBuildFile; fileRef = 65F16B8D2581041E0095C607 /* XAPBuildConfigurationListModel.h */; };
		65F16B902581041E0095C607 /* XAPBuildConfigurationListModel.m in Sources */ = {isa = PBXBuildFile; fileRef = 65F16B8E2581041E0095C607 /* XAPBuildConfigurationListModel.m */; };
		65F16B942581042C0095C607 /* XAPBuildConfigurationModel.h in Headers */ = {isa = PBXBuildFile; fileRef = 65F16B922581042C0095C607 /* XAPBuildConfigurationModel.h */; };
		65F16B952581042C0095C607 /* XAPBuildConfigurationModel.m in Sources */ = {isa = PBXBuildFile; fileRef = 65F16B932581042C0095C607 /* XAPBuildConfigurationModel.m */; };
		65F16B98258113100095C607 /* XAPEngineerModel.h in Headers */ = {isa = PBXBuildFile; fileRef = 65F16B792581033C0095C607 /* XAPEngineerModel.h */; };
		65F16B9D258114B50095C607 /* XAPConfigurationModel.h in Headers */ = {isa = PBXBuildFile; fileRef = 65F16B9B258114B50095C607 /* XAPConfigurationModel.h */; };
		65F16B9E258114B50095C607 /* XAPConfigurationModel.m in Sources */ = {isa = PBXBuildFile; fileRef = 65F16B9C258114B50095C607 /* XAPConfigurationModel.m */; };
		65F16BA2258116390095C607 /* XAPProjectExtraConfigurationModel.h in Headers */ = {isa = PBXBuildFile; fileRef = 65F16BA0258116390095C607 /* XAPProjectExtraConfigurationModel.h */; };
		65F16BA3258116390095C607 /* XAPProjectExtraConfigurationModel.m in Sources */ = {isa = PBXBuildFile; fileRef = 65F16BA1258116390095C607 /* XAPProjectExtraConfigurationModel.m */; };
		65F16BA7258117F70095C607 /* XAPArchiveExtraConfigurationModel.h in Headers */ = {isa = PBXBuildFile; fileRef = 65F16BA5258117F70095C607 /* XAPArchiveExtraConfigurationModel.h */; };
		65F16BA8258117F70095C607 /* XAPArchiveExtraConfigurationModel.m in Sources */ = {isa = PBXBuildFile; fileRef = 65F16BA6258117F70095C607 /* XAPArchiveExtraConfigurationModel.m */; };
		65F16BAC25811B3C0095C607 /* XAPDistributorProtocol.h in Headers */ = {isa = PBXBuildFile; fileRef = 65F16BAB25811B3C0095C607 /* XAPDistributorProtocol.h */; };
		65F16BB125811C590095C607 /* XAPFirDistributor.h in Headers */ = {isa = PBXBuildFile; fileRef = 65F16BAF25811C590095C607 /* XAPFirDistributor.h */; };
		65F16BB225811C590095C607 /* XAPFirDistributor.m in Sources */ = {isa = PBXBuildFile; fileRef = 65F16BB025811C590095C607 /* XAPFirDistributor.m */; };
		65F16BB625811C640095C607 /* XAPPgyerDistributor.h in Headers */ = {isa = PBXBuildFile; fileRef = 65F16BB425811C640095C607 /* XAPPgyerDistributor.h */; };
		65F16BB725811C640095C607 /* XAPPgyerDistributor.m in Sources */ = {isa = PBXBuildFile; fileRef = 65F16BB525811C640095C607 /* XAPPgyerDistributor.m */; };
		65F16BBB25811C710095C607 /* XAPAppStoreDistributor.h in Headers */ = {isa = PBXBuildFile; fileRef = 65F16BB925811C710095C607 /* XAPAppStoreDistributor.h */; };
		65F16BBC25811C710095C607 /* XAPAppStoreDistributor.m in Sources */ = {isa = PBXBuildFile; fileRef = 65F16BBA25811C710095C607 /* XAPAppStoreDistributor.m */; };
		65F16BC125811FEF0095C607 /* XAPDistributionManager.h in Headers */ = {isa = PBXBuildFile; fileRef = 65F16BBF25811FEF0095C607 /* XAPDistributionManager.h */; };
		65F16BC225811FEF0095C607 /* XAPDistributionManager.m in Sources */ = {isa = PBXBuildFile; fileRef = 65F16BC025811FEF0095C607 /* XAPDistributionManager.m */; };
		65F16BEA258120410095C607 /* UIProgressView+AFNetworking.m in Sources */ = {isa = PBXBuildFile; fileRef = 65F16BC7258120410095C607 /* UIProgressView+AFNetworking.m */; };
		65F16BEB258120410095C607 /* UIButton+AFNetworking.h in Headers */ = {isa = PBXBuildFile; fileRef = 65F16BC8258120410095C607 /* UIButton+AFNetworking.h */; };
		65F16BEC258120410095C607 /* UIRefreshControl+AFNetworking.m in Sources */ = {isa = PBXBuildFile; fileRef = 65F16BC9258120410095C607 /* UIRefreshControl+AFNetworking.m */; };
		65F16BED258120410095C607 /* UIImageView+AFNetworking.h in Headers */ = {isa = PBXBuildFile; fileRef = 65F16BCA258120410095C607 /* UIImageView+AFNetworking.h */; };
		65F16BEE258120410095C607 /* AFImageDownloader.h in Headers */ = {isa = PBXBuildFile; fileRef = 65F16BCB258120410095C607 /* AFImageDownloader.h */; };
		65F16BEF258120410095C607 /* AFNetworkActivityIndicatorManager.m in Sources */ = {isa = PBXBuildFile; fileRef = 65F16BCC258120410095C607 /* AFNetworkActivityIndicatorManager.m */; };
		65F16BF0258120410095C607 /* AFAutoPurgingImageCache.h in Headers */ = {isa = PBXBuildFile; fileRef = 65F16BCD258120410095C607 /* AFAutoPurgingImageCache.h */; };
		65F16BF1258120410095C607 /* UIWebView+AFNetworking.h in Headers */ = {isa = PBXBuildFile; fileRef = 65F16BCE258120410095C607 /* UIWebView+AFNetworking.h */; };
		65F16BF2258120410095C607 /* UIActivityIndicatorView+AFNetworking.h in Headers */ = {isa = PBXBuildFile; fileRef = 65F16BCF258120410095C607 /* UIActivityIndicatorView+AFNetworking.h */; };
		65F16BF3258120410095C607 /* UIImage+AFNetworking.h in Headers */ = {isa = PBXBuildFile; fileRef = 65F16BD0258120410095C607 /* UIImage+AFNetworking.h */; };
		65F16BF4258120410095C607 /* UIProgressView+AFNetworking.h in Headers */ = {isa = PBXBuildFile; fileRef = 65F16BD1258120410095C607 /* UIProgressView+AFNetworking.h */; };
		65F16BF5258120410095C607 /* UIImageView+AFNetworking.m in Sources */ = {isa = PBXBuildFile; fileRef = 65F16BD2258120410095C607 /* UIImageView+AFNetworking.m */; };
		65F16BF6258120410095C607 /* UIKit+AFNetworking.h in Headers */ = {isa = PBXBuildFile; fileRef = 65F16BD3258120410095C607 /* UIKit+AFNetworking.h */; };
		65F16BF7258120410095C607 /* UIRefreshControl+AFNetworking.h in Headers */ = {isa = PBXBuildFile; fileRef = 65F16BD4258120410095C607 /* UIRefreshControl+AFNetworking.h */; };
		65F16BF8258120410095C607 /* UIButton+AFNetworking.m in Sources */ = {isa = PBXBuildFile; fileRef = 65F16BD5258120410095C607 /* UIButton+AFNetworking.m */; };
		65F16BF9258120410095C607 /* UIActivityIndicatorView+AFNetworking.m in Sources */ = {isa = PBXBuildFile; fileRef = 65F16BD6258120410095C607 /* UIActivityIndicatorView+AFNetworking.m */; };
		65F16BFA258120410095C607 /* UIWebView+AFNetworking.m in Sources */ = {isa = PBXBuildFile; fileRef = 65F16BD7258120410095C607 /* UIWebView+AFNetworking.m */; };
		65F16BFB258120410095C607 /* AFAutoPurgingImageCache.m in Sources */ = {isa = PBXBuildFile; fileRef = 65F16BD8258120410095C607 /* AFAutoPurgingImageCache.m */; };
		65F16BFC258120410095C607 /* AFNetworkActivityIndicatorManager.h in Headers */ = {isa = PBXBuildFile; fileRef = 65F16BD9258120410095C607 /* AFNetworkActivityIndicatorManager.h */; };
		65F16BFD258120410095C607 /* AFImageDownloader.m in Sources */ = {isa = PBXBuildFile; fileRef = 65F16BDA258120410095C607 /* AFImageDownloader.m */; };
		65F16BFE258120410095C607 /* AFSecurityPolicy.h in Headers */ = {isa = PBXBuildFile; fileRef = 65F16BDC258120410095C607 /* AFSecurityPolicy.h */; };
		65F16BFF258120410095C607 /* AFNetworkReachabilityManager.h in Headers */ = {isa = PBXBuildFile; fileRef = 65F16BDD258120410095C607 /* AFNetworkReachabilityManager.h */; };
		65F16C00258120410095C607 /* AFURLSessionManager.h in Headers */ = {isa = PBXBuildFile; fileRef = 65F16BDE258120410095C607 /* AFURLSessionManager.h */; };
		65F16C01258120410095C607 /* AFURLRequestSerialization.h in Headers */ = {isa = PBXBuildFile; fileRef = 65F16BDF258120410095C607 /* AFURLRequestSerialization.h */; };
		65F16C02258120410095C607 /* AFURLResponseSerialization.m in Sources */ = {isa = PBXBuildFile; fileRef = 65F16BE0258120410095C607 /* AFURLResponseSerialization.m */; };
		65F16C03258120410095C607 /* AFHTTPSessionManager.m in Sources */ = {isa = PBXBuildFile; fileRef = 65F16BE1258120410095C607 /* AFHTTPSessionManager.m */; };
		65F16C04258120410095C607 /* AFURLResponseSerialization.h in Headers */ = {isa = PBXBuildFile; fileRef = 65F16BE2258120410095C607 /* AFURLResponseSerialization.h */; };
		65F16C05258120410095C607 /* AFURLSessionManager.m in Sources */ = {isa = PBXBuildFile; fileRef = 65F16BE3258120410095C607 /* AFURLSessionManager.m */; };
		65F16C06258120410095C607 /* AFURLRequestSerialization.m in Sources */ = {isa = PBXBuildFile; fileRef = 65F16BE4258120410095C607 /* AFURLRequestSerialization.m */; };
		65F16C07258120410095C607 /* AFNetworking.h in Headers */ = {isa = PBXBuildFile; fileRef = 65F16BE5258120410095C607 /* AFNetworking.h */; };
		65F16C08258120410095C607 /* AFNetworkReachabilityManager.m in Sources */ = {isa = PBXBuildFile; fileRef = 65F16BE6258120410095C607 /* AFNetworkReachabilityManager.m */; };
		65F16C09258120410095C607 /* AFSecurityPolicy.m in Sources */ = {isa = PBXBuildFile; fileRef = 65F16BE7258120410095C607 /* AFSecurityPolicy.m */; };
		65F16C0A258120410095C607 /* AFCompatibilityMacros.h in Headers */ = {isa = PBXBuildFile; fileRef = 65F16BE8258120410095C607 /* AFCompatibilityMacros.h */; };
		65F16C0B258120410095C607 /* AFHTTPSessionManager.h in Headers */ = {isa = PBXBuildFile; fileRef = 65F16BE9258120410095C607 /* AFHTTPSessionManager.h */; };
		65F16C10258123EB0095C607 /* XAPTaskModel.h in Headers */ = {isa = PBXBuildFile; fileRef = 65F16C0E258123EB0095C607 /* XAPTaskModel.h */; };
		65F16C11258123EB0095C607 /* XAPTaskModel.m in Sources */ = {isa = PBXBuildFile; fileRef = 65F16C0F258123EB0095C607 /* XAPTaskModel.m */; };
		F6C821F5257F53570054183F /* XAPInfoPlistTools.h in Headers */ = {isa = PBXBuildFile; fileRef = F6C821F3257F53570054183F /* XAPInfoPlistTools.h */; };
		F6C821F6257F53570054183F /* XAPInfoPlistTools.m in Sources */ = {isa = PBXBuildFile; fileRef = F6C821F4257F53570054183F /* XAPInfoPlistTools.m */; };
		F6C821FC258070550054183F /* XAPRuntimeTools.h in Headers */ = {isa = PBXBuildFile; fileRef = F6C821FA258070550054183F /* XAPRuntimeTools.h */; };
		F6C821FD258070550054183F /* XAPRuntimeTools.m in Sources */ = {isa = PBXBuildFile; fileRef = F6C821FB258070550054183F /* XAPRuntimeTools.m */; };
		F6F8B7E9257736EB00C5C893 /* XAPProvisioningProfileManager.h in Headers */ = {isa = PBXBuildFile; fileRef = F6F8B7E7257736EB00C5C893 /* XAPProvisioningProfileManager.h */; settings = {ATTRIBUTES = (Public, ); }; };
		F6F8B7EA257736EB00C5C893 /* XAPProvisioningProfileManager.m in Sources */ = {isa = PBXBuildFile; fileRef = F6F8B7E8257736EB00C5C893 /* XAPProvisioningProfileManager.m */; };
		F6F8B7F02577387200C5C893 /* XAPTools.h in Headers */ = {isa = PBXBuildFile; fileRef = F6F8B7EE2577387200C5C893 /* XAPTools.h */; };
		F6F8B7F12577387200C5C893 /* XAPTools.m in Sources */ = {isa = PBXBuildFile; fileRef = F6F8B7EF2577387200C5C893 /* XAPTools.m */; };
/* End PBXBuildFile section */

/* Begin PBXFileReference section */
		65F16A55257521110095C607 /* XAPSDK.framework */ = {isa = PBXFileReference; explicitFileType = wrapper.framework; includeInIndex = 0; path = XAPSDK.framework; sourceTree = BUILT_PRODUCTS_DIR; };
		65F16A58257521110095C607 /* XAPSDK.h */ = {isa = PBXFileReference; lastKnownFileType = sourcecode.c.h; path = XAPSDK.h; sourceTree = "<group>"; };
		65F16A59257521110095C607 /* Info.plist */ = {isa = PBXFileReference; lastKnownFileType = text.plist.xml; path = Info.plist; sourceTree = "<group>"; };
		65F16A68257522B10095C607 /* XAPScriptor.h */ = {isa = PBXFileReference; lastKnownFileType = sourcecode.c.h; path = XAPScriptor.h; sourceTree = "<group>"; };
		65F16A69257522B10095C607 /* XAPScriptor.m */ = {isa = PBXFileReference; lastKnownFileType = sourcecode.c.objc; path = XAPScriptor.m; sourceTree = "<group>"; };
		65F16A6E257522C10095C607 /* XAPScriptModel.h */ = {isa = PBXFileReference; lastKnownFileType = sourcecode.c.h; path = XAPScriptModel.h; sourceTree = "<group>"; };
		65F16A6F257522C10095C607 /* XAPScriptModel.m */ = {isa = PBXFileReference; lastKnownFileType = sourcecode.c.objc; path = XAPScriptModel.m; sourceTree = "<group>"; };
		65F16A78257522DD0095C607 /* XAPScriptResposity.h */ = {isa = PBXFileReference; lastKnownFileType = sourcecode.c.h; path = XAPScriptResposity.h; sourceTree = "<group>"; };
		65F16A79257522DD0095C607 /* XAPScriptResposity.m */ = {isa = PBXFileReference; lastKnownFileType = sourcecode.c.objc; path = XAPScriptResposity.m; sourceTree = "<group>"; };
		65F16A7D257522EC0095C607 /* XAPScriptExecutor.h */ = {isa = PBXFileReference; lastKnownFileType = sourcecode.c.h; path = XAPScriptExecutor.h; sourceTree = "<group>"; };
		65F16A7E257522EC0095C607 /* XAPScriptExecutor.m */ = {isa = PBXFileReference; lastKnownFileType = sourcecode.c.objc; path = XAPScriptExecutor.m; sourceTree = "<group>"; };
		65F16A822575230D0095C607 /* XAPPrefixHeader.pch */ = {isa = PBXFileReference; lastKnownFileType = sourcecode.c.h; path = XAPPrefixHeader.pch; sourceTree = "<group>"; };
		65F16A832575236E0095C607 /* XAPConstant.h */ = {isa = PBXFileReference; lastKnownFileType = sourcecode.c.h; path = XAPConstant.h; sourceTree = "<group>"; };
		65F16A842575236E0095C607 /* XAPConstant.m */ = {isa = PBXFileReference; lastKnownFileType = sourcecode.c.objc; path = XAPConstant.m; sourceTree = "<group>"; };
		65F16A89257524550095C607 /* XAPMacro.h */ = {isa = PBXFileReference; lastKnownFileType = sourcecode.c.h; path = XAPMacro.h; sourceTree = "<group>"; };
		65F16A8B25753FB20095C607 /* XAPScriptPathManager.h */ = {isa = PBXFileReference; lastKnownFileType = sourcecode.c.h; path = XAPScriptPathManager.h; sourceTree = "<group>"; };
		65F16A8C25753FB20095C607 /* XAPScriptPathManager.m */ = {isa = PBXFileReference; lastKnownFileType = sourcecode.c.objc; path = XAPScriptPathManager.m; sourceTree = "<group>"; };
		65F16A932577F10D0095C607 /* XAPZipTools.h */ = {isa = PBXFileReference; lastKnownFileType = sourcecode.c.h; path = XAPZipTools.h; sourceTree = "<group>"; };
		65F16A942577F10D0095C607 /* XAPZipTools.m */ = {isa = PBXFileReference; lastKnownFileType = sourcecode.c.objc; path = XAPZipTools.m; sourceTree = "<group>"; };
		65F16A992577F1390095C607 /* ZipArchive.h */ = {isa = PBXFileReference; fileEncoding = 4; lastKnownFileType = sourcecode.c.h; path = ZipArchive.h; sourceTree = "<group>"; };
		65F16A9B2577F1390095C607 /* mz_strm_os_posix.c */ = {isa = PBXFileReference; fileEncoding = 4; lastKnownFileType = sourcecode.c.c; path = mz_strm_os_posix.c; sourceTree = "<group>"; };
		65F16A9C2577F1390095C607 /* mz_strm_pkcrypt.c */ = {isa = PBXFileReference; fileEncoding = 4; lastKnownFileType = sourcecode.c.c; path = mz_strm_pkcrypt.c; sourceTree = "<group>"; };
		65F16A9D2577F1390095C607 /* mz_strm_wzaes.h */ = {isa = PBXFileReference; fileEncoding = 4; lastKnownFileType = sourcecode.c.h; path = mz_strm_wzaes.h; sourceTree = "<group>"; };
		65F16A9E2577F1390095C607 /* mz_compat.h */ = {isa = PBXFileReference; fileEncoding = 4; lastKnownFileType = sourcecode.c.h; path = mz_compat.h; sourceTree = "<group>"; };
		65F16A9F2577F1390095C607 /* mz_strm_zlib.c */ = {isa = PBXFileReference; fileEncoding = 4; lastKnownFileType = sourcecode.c.c; path = mz_strm_zlib.c; sourceTree = "<group>"; };
		65F16AA02577F1390095C607 /* mz_zip.c */ = {isa = PBXFileReference; fileEncoding = 4; lastKnownFileType = sourcecode.c.c; path = mz_zip.c; sourceTree = "<group>"; };
		65F16AA12577F1390095C607 /* mz_os.h */ = {isa = PBXFileReference; fileEncoding = 4; lastKnownFileType = sourcecode.c.h; path = mz_os.h; sourceTree = "<group>"; };
		65F16AA22577F1390095C607 /* LICENSE */ = {isa = PBXFileReference; fileEncoding = 4; lastKnownFileType = text; path = LICENSE; sourceTree = "<group>"; };
		65F16AA32577F1390095C607 /* mz_zip_rw.c */ = {isa = PBXFileReference; fileEncoding = 4; lastKnownFileType = sourcecode.c.c; path = mz_zip_rw.c; sourceTree = "<group>"; };
		65F16AA42577F1390095C607 /* mz_strm_split.h */ = {isa = PBXFileReference; fileEncoding = 4; lastKnownFileType = sourcecode.c.h; path = mz_strm_split.h; sourceTree = "<group>"; };
		65F16AA52577F1390095C607 /* mz_strm_buf.h */ = {isa = PBXFileReference; fileEncoding = 4; lastKnownFileType = sourcecode.c.h; path = mz_strm_buf.h; sourceTree = "<group>"; };
		65F16AA62577F1390095C607 /* mz_crypt_apple.c */ = {isa = PBXFileReference; fileEncoding = 4; lastKnownFileType = sourcecode.c.c; path = mz_crypt_apple.c; sourceTree = "<group>"; };
		65F16AA72577F1390095C607 /* mz_strm.h */ = {isa = PBXFileReference; fileEncoding = 4; lastKnownFileType = sourcecode.c.h; path = mz_strm.h; sourceTree = "<group>"; };
		65F16AA82577F1390095C607 /* mz_strm_mem.c */ = {isa = PBXFileReference; fileEncoding = 4; lastKnownFileType = sourcecode.c.c; path = mz_strm_mem.c; sourceTree = "<group>"; };
		65F16AA92577F1390095C607 /* mz_crypt.c */ = {isa = PBXFileReference; fileEncoding = 4; lastKnownFileType = sourcecode.c.c; path = mz_crypt.c; sourceTree = "<group>"; };
		65F16AAA2577F1390095C607 /* mz_strm_wzaes.c */ = {isa = PBXFileReference; fileEncoding = 4; lastKnownFileType = sourcecode.c.c; path = mz_strm_wzaes.c; sourceTree = "<group>"; };
		65F16AAB2577F1390095C607 /* mz_strm_zlib.h */ = {isa = PBXFileReference; fileEncoding = 4; lastKnownFileType = sourcecode.c.h; path = mz_strm_zlib.h; sourceTree = "<group>"; };
		65F16AAC2577F1390095C607 /* mz_compat.c */ = {isa = PBXFileReference; fileEncoding = 4; lastKnownFileType = sourcecode.c.c; path = mz_compat.c; sourceTree = "<group>"; };
		65F16AAD2577F1390095C607 /* mz_strm_pkcrypt.h */ = {isa = PBXFileReference; fileEncoding = 4; lastKnownFileType = sourcecode.c.h; path = mz_strm_pkcrypt.h; sourceTree = "<group>"; };
		65F16AAE2577F1390095C607 /* mz_zip_rw.h */ = {isa = PBXFileReference; fileEncoding = 4; lastKnownFileType = sourcecode.c.h; path = mz_zip_rw.h; sourceTree = "<group>"; };
		65F16AAF2577F1390095C607 /* mz_os.c */ = {isa = PBXFileReference; fileEncoding = 4; lastKnownFileType = sourcecode.c.c; path = mz_os.c; sourceTree = "<group>"; };
		65F16AB02577F1390095C607 /* mz_zip.h */ = {isa = PBXFileReference; fileEncoding = 4; lastKnownFileType = sourcecode.c.h; path = mz_zip.h; sourceTree = "<group>"; };
		65F16AB12577F1390095C607 /* mz_os_posix.c */ = {isa = PBXFileReference; fileEncoding = 4; lastKnownFileType = sourcecode.c.c; path = mz_os_posix.c; sourceTree = "<group>"; };
		65F16AB22577F1390095C607 /* mz.h */ = {isa = PBXFileReference; fileEncoding = 4; lastKnownFileType = sourcecode.c.h; path = mz.h; sourceTree = "<group>"; };
		65F16AB32577F1390095C607 /* mz_strm_buf.c */ = {isa = PBXFileReference; fileEncoding = 4; lastKnownFileType = sourcecode.c.c; path = mz_strm_buf.c; sourceTree = "<group>"; };
		65F16AB42577F1390095C607 /* mz_strm_split.c */ = {isa = PBXFileReference; fileEncoding = 4; lastKnownFileType = sourcecode.c.c; path = mz_strm_split.c; sourceTree = "<group>"; };
		65F16AB52577F1390095C607 /* mz_crypt.h */ = {isa = PBXFileReference; fileEncoding = 4; lastKnownFileType = sourcecode.c.h; path = mz_crypt.h; sourceTree = "<group>"; };
		65F16AB62577F1390095C607 /* mz_strm_mem.h */ = {isa = PBXFileReference; fileEncoding = 4; lastKnownFileType = sourcecode.c.h; path = mz_strm_mem.h; sourceTree = "<group>"; };
		65F16AB72577F1390095C607 /* mz_strm.c */ = {isa = PBXFileReference; fileEncoding = 4; lastKnownFileType = sourcecode.c.c; path = mz_strm.c; sourceTree = "<group>"; };
		65F16AB82577F1390095C607 /* mz_strm_os.h */ = {isa = PBXFileReference; fileEncoding = 4; lastKnownFileType = sourcecode.c.h; path = mz_strm_os.h; sourceTree = "<group>"; };
		65F16AB92577F1390095C607 /* SSZipArchive.h */ = {isa = PBXFileReference; fileEncoding = 4; lastKnownFileType = sourcecode.c.h; path = SSZipArchive.h; sourceTree = "<group>"; };
		65F16ABA2577F1390095C607 /* SSZipCommon.h */ = {isa = PBXFileReference; fileEncoding = 4; lastKnownFileType = sourcecode.c.h; path = SSZipCommon.h; sourceTree = "<group>"; };
		65F16ABB2577F1390095C607 /* SSZipArchive.m */ = {isa = PBXFileReference; fileEncoding = 4; lastKnownFileType = sourcecode.c.objc; path = SSZipArchive.m; sourceTree = "<group>"; };
		65F16AF52578065F0095C607 /* XAPProvisioningProfileModel.h */ = {isa = PBXFileReference; lastKnownFileType = sourcecode.c.h; path = XAPProvisioningProfileModel.h; sourceTree = "<group>"; };
		65F16AF62578065F0095C607 /* XAPProvisioningProfileModel.m */ = {isa = PBXFileReference; lastKnownFileType = sourcecode.c.objc; path = XAPProvisioningProfileModel.m; sourceTree = "<group>"; };
		65F16AFC25780A1C0095C607 /* libiconv.tbd */ = {isa = PBXFileReference; lastKnownFileType = "sourcecode.text-based-dylib-definition"; name = libiconv.tbd; path = usr/lib/libiconv.tbd; sourceTree = SDKROOT; };
		65F16AFF25780A230095C607 /* libz.tbd */ = {isa = PBXFileReference; lastKnownFileType = "sourcecode.text-based-dylib-definition"; name = libz.tbd; path = usr/lib/libz.tbd; sourceTree = SDKROOT; };
		65F16B42257FAD830095C607 /* XAPXMLTools.h */ = {isa = PBXFileReference; lastKnownFileType = sourcecode.c.h; path = XAPXMLTools.h; sourceTree = "<group>"; };
		65F16B43257FAD830095C607 /* XAPXMLTools.m */ = {isa = PBXFileReference; lastKnownFileType = sourcecode.c.objc; path = XAPXMLTools.m; sourceTree = "<group>"; };
		65F16B4C2580F2330095C607 /* XAPInfoPlistModel.h */ = {isa = PBXFileReference; lastKnownFileType = sourcecode.c.h; path = XAPInfoPlistModel.h; sourceTree = "<group>"; };
		65F16B4D2580F2330095C607 /* XAPInfoPlistModel.m */ = {isa = PBXFileReference; lastKnownFileType = sourcecode.c.objc; path = XAPInfoPlistModel.m; sourceTree = "<group>"; };
		65F16B532580F4390095C607 /* XAPAppModel.h */ = {isa = PBXFileReference; lastKnownFileType = sourcecode.c.h; path = XAPAppModel.h; sourceTree = "<group>"; };
		65F16B542580F4390095C607 /* XAPAppModel.m */ = {isa = PBXFileReference; lastKnownFileType = sourcecode.c.objc; path = XAPAppModel.m; sourceTree = "<group>"; };
		65F16B5A2580F4D70095C607 /* XAPPodModel.h */ = {isa = PBXFileReference; lastKnownFileType = sourcecode.c.h; path = XAPPodModel.h; sourceTree = "<group>"; };
		65F16B5B2580F4D70095C607 /* XAPPodModel.m */ = {isa = PBXFileReference; lastKnownFileType = sourcecode.c.objc; path = XAPPodModel.m; sourceTree = "<group>"; };
		65F16B612580F50B0095C607 /* XAPGitModel.h */ = {isa = PBXFileReference; lastKnownFileType = sourcecode.c.h; path = XAPGitModel.h; sourceTree = "<group>"; };
		65F16B622580F50B0095C607 /* XAPGitModel.m */ = {isa = PBXFileReference; lastKnownFileType = sourcecode.c.objc; path = XAPGitModel.m; sourceTree = "<group>"; };
		65F16B682580F5A70095C607 /* XAPArchiveModel.h */ = {isa = PBXFileReference; lastKnownFileType = sourcecode.c.h; path = XAPArchiveModel.h; sourceTree = "<group>"; };
		65F16B692580F5A70095C607 /* XAPArchiveModel.m */ = {isa = PBXFileReference; lastKnownFileType = sourcecode.c.objc; path = XAPArchiveModel.m; sourceTree = "<group>"; };
		65F16B6D2580F6170095C607 /* XAPIPAModel.h */ = {isa = PBXFileReference; lastKnownFileType = sourcecode.c.h; path = XAPIPAModel.h; sourceTree = "<group>"; };
		65F16B6E2580F6170095C607 /* XAPIPAModel.m */ = {isa = PBXFileReference; lastKnownFileType = sourcecode.c.objc; path = XAPIPAModel.m; sourceTree = "<group>"; };
		65F16B742580F7B50095C607 /* XAPPBXObject.h */ = {isa = PBXFileReference; lastKnownFileType = sourcecode.c.h; path = XAPPBXObject.h; sourceTree = "<group>"; };
		65F16B752580F7B50095C607 /* XAPPBXObject.m */ = {isa = PBXFileReference; lastKnownFileType = sourcecode.c.objc; path = XAPPBXObject.m; sourceTree = "<group>"; };
		65F16B792581033C0095C607 /* XAPEngineerModel.h */ = {isa = PBXFileReference; lastKnownFileType = sourcecode.c.h; path = XAPEngineerModel.h; sourceTree = "<group>"; };
		65F16B7A2581033C0095C607 /* XAPEngineerModel.m */ = {isa = PBXFileReference; lastKnownFileType = sourcecode.c.objc; path = XAPEngineerModel.m; sourceTree = "<group>"; };
		65F16B7E258103620095C607 /* XAPWorkspaceModel.h */ = {isa = PBXFileReference; lastKnownFileType = sourcecode.c.h; path = XAPWorkspaceModel.h; sourceTree = "<group>"; };
		65F16B7F258103620095C607 /* XAPWorkspaceModel.m */ = {isa = PBXFileReference; lastKnownFileType = sourcecode.c.objc; path = XAPWorkspaceModel.m; sourceTree = "<group>"; };
		65F16B83258103A50095C607 /* XAPProjectModel.h */ = {isa = PBXFileReference; lastKnownFileType = sourcecode.c.h; path = XAPProjectModel.h; sourceTree = "<group>"; };
		65F16B84258103A50095C607 /* XAPProjectModel.m */ = {isa = PBXFileReference; lastKnownFileType = sourcecode.c.objc; path = XAPProjectModel.m; sourceTree = "<group>"; };
		65F16B882581040E0095C607 /* XAPTargetModel.h */ = {isa = PBXFileReference; lastKnownFileType = sourcecode.c.h; path = XAPTargetModel.h; sourceTree = "<group>"; };
		65F16B892581040E0095C607 /* XAPTargetModel.m */ = {isa = PBXFileReference; lastKnownFileType = sourcecode.c.objc; path = XAPTargetModel.m; sourceTree = "<group>"; };
		65F16B8D2581041E0095C607 /* XAPBuildConfigurationListModel.h */ = {isa = PBXFileReference; lastKnownFileType = sourcecode.c.h; path = XAPBuildConfigurationListModel.h; sourceTree = "<group>"; };
		65F16B8E2581041E0095C607 /* XAPBuildConfigurationListModel.m */ = {isa = PBXFileReference; lastKnownFileType = sourcecode.c.objc; path = XAPBuildConfigurationListModel.m; sourceTree = "<group>"; };
		65F16B922581042C0095C607 /* XAPBuildConfigurationModel.h */ = {isa = PBXFileReference; lastKnownFileType = sourcecode.c.h; path = XAPBuildConfigurationModel.h; sourceTree = "<group>"; };
		65F16B932581042C0095C607 /* XAPBuildConfigurationModel.m */ = {isa = PBXFileReference; lastKnownFileType = sourcecode.c.objc; path = XAPBuildConfigurationModel.m; sourceTree = "<group>"; };
		65F16B9B258114B50095C607 /* XAPConfigurationModel.h */ = {isa = PBXFileReference; lastKnownFileType = sourcecode.c.h; path = XAPConfigurationModel.h; sourceTree = "<group>"; };
		65F16B9C258114B50095C607 /* XAPConfigurationModel.m */ = {isa = PBXFileReference; lastKnownFileType = sourcecode.c.objc; path = XAPConfigurationModel.m; sourceTree = "<group>"; };
		65F16BA0258116390095C607 /* XAPProjectExtraConfigurationModel.h */ = {isa = PBXFileReference; lastKnownFileType = sourcecode.c.h; path = XAPProjectExtraConfigurationModel.h; sourceTree = "<group>"; };
		65F16BA1258116390095C607 /* XAPProjectExtraConfigurationModel.m */ = {isa = PBXFileReference; lastKnownFileType = sourcecode.c.objc; path = XAPProjectExtraConfigurationModel.m; sourceTree = "<group>"; };
		65F16BA5258117F70095C607 /* XAPArchiveExtraConfigurationModel.h */ = {isa = PBXFileReference; lastKnownFileType = sourcecode.c.h; path = XAPArchiveExtraConfigurationModel.h; sourceTree = "<group>"; };
		65F16BA6258117F70095C607 /* XAPArchiveExtraConfigurationModel.m */ = {isa = PBXFileReference; lastKnownFileType = sourcecode.c.objc; path = XAPArchiveExtraConfigurationModel.m; sourceTree = "<group>"; };
		65F16BAB25811B3C0095C607 /* XAPDistributorProtocol.h */ = {isa = PBXFileReference; lastKnownFileType = sourcecode.c.h; path = XAPDistributorProtocol.h; sourceTree = "<group>"; };
		65F16BAF25811C590095C607 /* XAPFirDistributor.h */ = {isa = PBXFileReference; lastKnownFileType = sourcecode.c.h; path = XAPFirDistributor.h; sourceTree = "<group>"; };
		65F16BB025811C590095C607 /* XAPFirDistributor.m */ = {isa = PBXFileReference; lastKnownFileType = sourcecode.c.objc; path = XAPFirDistributor.m; sourceTree = "<group>"; };
		65F16BB425811C640095C607 /* XAPPgyerDistributor.h */ = {isa = PBXFileReference; lastKnownFileType = sourcecode.c.h; path = XAPPgyerDistributor.h; sourceTree = "<group>"; };
		65F16BB525811C640095C607 /* XAPPgyerDistributor.m */ = {isa = PBXFileReference; lastKnownFileType = sourcecode.c.objc; path = XAPPgyerDistributor.m; sourceTree = "<group>"; };
		65F16BB925811C710095C607 /* XAPAppStoreDistributor.h */ = {isa = PBXFileReference; lastKnownFileType = sourcecode.c.h; path = XAPAppStoreDistributor.h; sourceTree = "<group>"; };
		65F16BBA25811C710095C607 /* XAPAppStoreDistributor.m */ = {isa = PBXFileReference; lastKnownFileType = sourcecode.c.objc; path = XAPAppStoreDistributor.m; sourceTree = "<group>"; };
		65F16BBF25811FEF0095C607 /* XAPDistributionManager.h */ = {isa = PBXFileReference; lastKnownFileType = sourcecode.c.h; path = XAPDistributionManager.h; sourceTree = "<group>"; };
		65F16BC025811FEF0095C607 /* XAPDistributionManager.m */ = {isa = PBXFileReference; lastKnownFileType = sourcecode.c.objc; path = XAPDistributionManager.m; sourceTree = "<group>"; };
		65F16BC7258120410095C607 /* UIProgressView+AFNetworking.m */ = {isa = PBXFileReference; fileEncoding = 4; lastKnownFileType = sourcecode.c.objc; path = "UIProgressView+AFNetworking.m"; sourceTree = "<group>"; };
		65F16BC8258120410095C607 /* UIButton+AFNetworking.h */ = {isa = PBXFileReference; fileEncoding = 4; lastKnownFileType = sourcecode.c.h; path = "UIButton+AFNetworking.h"; sourceTree = "<group>"; };
		65F16BC9258120410095C607 /* UIRefreshControl+AFNetworking.m */ = {isa = PBXFileReference; fileEncoding = 4; lastKnownFileType = sourcecode.c.objc; path = "UIRefreshControl+AFNetworking.m"; sourceTree = "<group>"; };
		65F16BCA258120410095C607 /* UIImageView+AFNetworking.h */ = {isa = PBXFileReference; fileEncoding = 4; lastKnownFileType = sourcecode.c.h; path = "UIImageView+AFNetworking.h"; sourceTree = "<group>"; };
		65F16BCB258120410095C607 /* AFImageDownloader.h */ = {isa = PBXFileReference; fileEncoding = 4; lastKnownFileType = sourcecode.c.h; path = AFImageDownloader.h; sourceTree = "<group>"; };
		65F16BCC258120410095C607 /* AFNetworkActivityIndicatorManager.m */ = {isa = PBXFileReference; fileEncoding = 4; lastKnownFileType = sourcecode.c.objc; path = AFNetworkActivityIndicatorManager.m; sourceTree = "<group>"; };
		65F16BCD258120410095C607 /* AFAutoPurgingImageCache.h */ = {isa = PBXFileReference; fileEncoding = 4; lastKnownFileType = sourcecode.c.h; path = AFAutoPurgingImageCache.h; sourceTree = "<group>"; };
		65F16BCE258120410095C607 /* UIWebView+AFNetworking.h */ = {isa = PBXFileReference; fileEncoding = 4; lastKnownFileType = sourcecode.c.h; path = "UIWebView+AFNetworking.h"; sourceTree = "<group>"; };
		65F16BCF258120410095C607 /* UIActivityIndicatorView+AFNetworking.h */ = {isa = PBXFileReference; fileEncoding = 4; lastKnownFileType = sourcecode.c.h; path = "UIActivityIndicatorView+AFNetworking.h"; sourceTree = "<group>"; };
		65F16BD0258120410095C607 /* UIImage+AFNetworking.h */ = {isa = PBXFileReference; fileEncoding = 4; lastKnownFileType = sourcecode.c.h; path = "UIImage+AFNetworking.h"; sourceTree = "<group>"; };
		65F16BD1258120410095C607 /* UIProgressView+AFNetworking.h */ = {isa = PBXFileReference; fileEncoding = 4; lastKnownFileType = sourcecode.c.h; path = "UIProgressView+AFNetworking.h"; sourceTree = "<group>"; };
		65F16BD2258120410095C607 /* UIImageView+AFNetworking.m */ = {isa = PBXFileReference; fileEncoding = 4; lastKnownFileType = sourcecode.c.objc; path = "UIImageView+AFNetworking.m"; sourceTree = "<group>"; };
		65F16BD3258120410095C607 /* UIKit+AFNetworking.h */ = {isa = PBXFileReference; fileEncoding = 4; lastKnownFileType = sourcecode.c.h; path = "UIKit+AFNetworking.h"; sourceTree = "<group>"; };
		65F16BD4258120410095C607 /* UIRefreshControl+AFNetworking.h */ = {isa = PBXFileReference; fileEncoding = 4; lastKnownFileType = sourcecode.c.h; path = "UIRefreshControl+AFNetworking.h"; sourceTree = "<group>"; };
		65F16BD5258120410095C607 /* UIButton+AFNetworking.m */ = {isa = PBXFileReference; fileEncoding = 4; lastKnownFileType = sourcecode.c.objc; path = "UIButton+AFNetworking.m"; sourceTree = "<group>"; };
		65F16BD6258120410095C607 /* UIActivityIndicatorView+AFNetworking.m */ = {isa = PBXFileReference; fileEncoding = 4; lastKnownFileType = sourcecode.c.objc; path = "UIActivityIndicatorView+AFNetworking.m"; sourceTree = "<group>"; };
		65F16BD7258120410095C607 /* UIWebView+AFNetworking.m */ = {isa = PBXFileReference; fileEncoding = 4; lastKnownFileType = sourcecode.c.objc; path = "UIWebView+AFNetworking.m"; sourceTree = "<group>"; };
		65F16BD8258120410095C607 /* AFAutoPurgingImageCache.m */ = {isa = PBXFileReference; fileEncoding = 4; lastKnownFileType = sourcecode.c.objc; path = AFAutoPurgingImageCache.m; sourceTree = "<group>"; };
		65F16BD9258120410095C607 /* AFNetworkActivityIndicatorManager.h */ = {isa = PBXFileReference; fileEncoding = 4; lastKnownFileType = sourcecode.c.h; path = AFNetworkActivityIndicatorManager.h; sourceTree = "<group>"; };
		65F16BDA258120410095C607 /* AFImageDownloader.m */ = {isa = PBXFileReference; fileEncoding = 4; lastKnownFileType = sourcecode.c.objc; path = AFImageDownloader.m; sourceTree = "<group>"; };
		65F16BDC258120410095C607 /* AFSecurityPolicy.h */ = {isa = PBXFileReference; fileEncoding = 4; lastKnownFileType = sourcecode.c.h; path = AFSecurityPolicy.h; sourceTree = "<group>"; };
		65F16BDD258120410095C607 /* AFNetworkReachabilityManager.h */ = {isa = PBXFileReference; fileEncoding = 4; lastKnownFileType = sourcecode.c.h; path = AFNetworkReachabilityManager.h; sourceTree = "<group>"; };
		65F16BDE258120410095C607 /* AFURLSessionManager.h */ = {isa = PBXFileReference; fileEncoding = 4; lastKnownFileType = sourcecode.c.h; path = AFURLSessionManager.h; sourceTree = "<group>"; };
		65F16BDF258120410095C607 /* AFURLRequestSerialization.h */ = {isa = PBXFileReference; fileEncoding = 4; lastKnownFileType = sourcecode.c.h; path = AFURLRequestSerialization.h; sourceTree = "<group>"; };
		65F16BE0258120410095C607 /* AFURLResponseSerialization.m */ = {isa = PBXFileReference; fileEncoding = 4; lastKnownFileType = sourcecode.c.objc; path = AFURLResponseSerialization.m; sourceTree = "<group>"; };
		65F16BE1258120410095C607 /* AFHTTPSessionManager.m */ = {isa = PBXFileReference; fileEncoding = 4; lastKnownFileType = sourcecode.c.objc; path = AFHTTPSessionManager.m; sourceTree = "<group>"; };
		65F16BE2258120410095C607 /* AFURLResponseSerialization.h */ = {isa = PBXFileReference; fileEncoding = 4; lastKnownFileType = sourcecode.c.h; path = AFURLResponseSerialization.h; sourceTree = "<group>"; };
		65F16BE3258120410095C607 /* AFURLSessionManager.m */ = {isa = PBXFileReference; fileEncoding = 4; lastKnownFileType = sourcecode.c.objc; path = AFURLSessionManager.m; sourceTree = "<group>"; };
		65F16BE4258120410095C607 /* AFURLRequestSerialization.m */ = {isa = PBXFileReference; fileEncoding = 4; lastKnownFileType = sourcecode.c.objc; path = AFURLRequestSerialization.m; sourceTree = "<group>"; };
		65F16BE5258120410095C607 /* AFNetworking.h */ = {isa = PBXFileReference; fileEncoding = 4; lastKnownFileType = sourcecode.c.h; path = AFNetworking.h; sourceTree = "<group>"; };
		65F16BE6258120410095C607 /* AFNetworkReachabilityManager.m */ = {isa = PBXFileReference; fileEncoding = 4; lastKnownFileType = sourcecode.c.objc; path = AFNetworkReachabilityManager.m; sourceTree = "<group>"; };
		65F16BE7258120410095C607 /* AFSecurityPolicy.m */ = {isa = PBXFileReference; fileEncoding = 4; lastKnownFileType = sourcecode.c.objc; path = AFSecurityPolicy.m; sourceTree = "<group>"; };
		65F16BE8258120410095C607 /* AFCompatibilityMacros.h */ = {isa = PBXFileReference; fileEncoding = 4; lastKnownFileType = sourcecode.c.h; path = AFCompatibilityMacros.h; sourceTree = "<group>"; };
		65F16BE9258120410095C607 /* AFHTTPSessionManager.h */ = {isa = PBXFileReference; fileEncoding = 4; lastKnownFileType = sourcecode.c.h; path = AFHTTPSessionManager.h; sourceTree = "<group>"; };
		65F16C0E258123EB0095C607 /* XAPTaskModel.h */ = {isa = PBXFileReference; lastKnownFileType = sourcecode.c.h; path = XAPTaskModel.h; sourceTree = "<group>"; };
		65F16C0F258123EB0095C607 /* XAPTaskModel.m */ = {isa = PBXFileReference; lastKnownFileType = sourcecode.c.objc; path = XAPTaskModel.m; sourceTree = "<group>"; };
		F6C821F3257F53570054183F /* XAPInfoPlistTools.h */ = {isa = PBXFileReference; lastKnownFileType = sourcecode.c.h; path = XAPInfoPlistTools.h; sourceTree = "<group>"; };
		F6C821F4257F53570054183F /* XAPInfoPlistTools.m */ = {isa = PBXFileReference; lastKnownFileType = sourcecode.c.objc; path = XAPInfoPlistTools.m; sourceTree = "<group>"; };
		F6C821FA258070550054183F /* XAPRuntimeTools.h */ = {isa = PBXFileReference; lastKnownFileType = sourcecode.c.h; path = XAPRuntimeTools.h; sourceTree = "<group>"; };
		F6C821FB258070550054183F /* XAPRuntimeTools.m */ = {isa = PBXFileReference; lastKnownFileType = sourcecode.c.objc; path = XAPRuntimeTools.m; sourceTree = "<group>"; };
		F6F8B7DC2576275F00C5C893 /* XAPErrorMacro.h */ = {isa = PBXFileReference; lastKnownFileType = sourcecode.c.h; path = XAPErrorMacro.h; sourceTree = "<group>"; };
		F6F8B7E7257736EB00C5C893 /* XAPProvisioningProfileManager.h */ = {isa = PBXFileReference; lastKnownFileType = sourcecode.c.h; path = XAPProvisioningProfileManager.h; sourceTree = "<group>"; };
		F6F8B7E8257736EB00C5C893 /* XAPProvisioningProfileManager.m */ = {isa = PBXFileReference; lastKnownFileType = sourcecode.c.objc; path = XAPProvisioningProfileManager.m; sourceTree = "<group>"; };
		F6F8B7EE2577387200C5C893 /* XAPTools.h */ = {isa = PBXFileReference; lastKnownFileType = sourcecode.c.h; path = XAPTools.h; sourceTree = "<group>"; };
		F6F8B7EF2577387200C5C893 /* XAPTools.m */ = {isa = PBXFileReference; lastKnownFileType = sourcecode.c.objc; path = XAPTools.m; sourceTree = "<group>"; };
/* End PBXFileReference section */

/* Begin PBXFrameworksBuildPhase section */
		65F16A52257521110095C607 /* Frameworks */ = {
			isa = PBXFrameworksBuildPhase;
			buildActionMask = 2147483647;
			files = (
				65F16B0025780A230095C607 /* libz.tbd in Frameworks */,
				65F16AFD25780A1C0095C607 /* libiconv.tbd in Frameworks */,
			);
			runOnlyForDeploymentPostprocessing = 0;
		};
/* End PBXFrameworksBuildPhase section */

/* Begin PBXGroup section */
		65F16A4B257521110095C607 = {
			isa = PBXGroup;
			children = (
				65F16A57257521110095C607 /* XAPSDK */,
				65F16A56257521110095C607 /* Products */,
				65F16AFB25780A1B0095C607 /* Frameworks */,
			);
			sourceTree = "<group>";
		};
		65F16A56257521110095C607 /* Products */ = {
			isa = PBXGroup;
			children = (
				65F16A55257521110095C607 /* XAPSDK.framework */,
			);
			name = Products;
			sourceTree = "<group>";
		};
		65F16A57257521110095C607 /* XAPSDK */ = {
			isa = PBXGroup;
			children = (
				65F16A58257521110095C607 /* XAPSDK.h */,
				65F16A62257521F50095C607 /* Common */,
				65F16AF3257806150095C607 /* Models */,
				F6F8B7ED2577385800C5C893 /* Tools */,
				F6F8B7E5257736CC00C5C893 /* Manager */,
				65F16A63257522050095C607 /* Scriptor */,
				65F16A61257521D50095C607 /* Vendors */,
				65F16A59257521110095C607 /* Info.plist */,
			);
			path = XAPSDK;
			sourceTree = "<group>";
		};
		65F16A61257521D50095C607 /* Vendors */ = {
			isa = PBXGroup;
			children = (
				65F16BC5258120410095C607 /* AFNetworking */,
				65F16A982577F1390095C607 /* SSZipArchive */,
			);
			path = Vendors;
			sourceTree = "<group>";
		};
		65F16A62257521F50095C607 /* Common */ = {
			isa = PBXGroup;
			children = (
				65F16A822575230D0095C607 /* XAPPrefixHeader.pch */,
				65F16A832575236E0095C607 /* XAPConstant.h */,
				65F16A842575236E0095C607 /* XAPConstant.m */,
				65F16A89257524550095C607 /* XAPMacro.h */,
				F6F8B7DC2576275F00C5C893 /* XAPErrorMacro.h */,
			);
			path = Common;
			sourceTree = "<group>";
		};
		65F16A63257522050095C607 /* Scriptor */ = {
			isa = PBXGroup;
			children = (
				65F16A68257522B10095C607 /* XAPScriptor.h */,
				65F16A69257522B10095C607 /* XAPScriptor.m */,
				65F16A6E257522C10095C607 /* XAPScriptModel.h */,
				65F16A6F257522C10095C607 /* XAPScriptModel.m */,
				65F16A8B25753FB20095C607 /* XAPScriptPathManager.h */,
				65F16A8C25753FB20095C607 /* XAPScriptPathManager.m */,
				65F16A78257522DD0095C607 /* XAPScriptResposity.h */,
				65F16A79257522DD0095C607 /* XAPScriptResposity.m */,
				65F16A7D257522EC0095C607 /* XAPScriptExecutor.h */,
				65F16A7E257522EC0095C607 /* XAPScriptExecutor.m */,
			);
			path = Scriptor;
			sourceTree = "<group>";
		};
		65F16A982577F1390095C607 /* SSZipArchive */ = {
			isa = PBXGroup;
			children = (
				65F16A9A2577F1390095C607 /* minizip */,
				65F16AB92577F1390095C607 /* SSZipArchive.h */,
				65F16ABB2577F1390095C607 /* SSZipArchive.m */,
				65F16ABA2577F1390095C607 /* SSZipCommon.h */,
				65F16A992577F1390095C607 /* ZipArchive.h */,
			);
			path = SSZipArchive;
			sourceTree = "<group>";
		};
		65F16A9A2577F1390095C607 /* minizip */ = {
			isa = PBXGroup;
			children = (
				65F16A9B2577F1390095C607 /* mz_strm_os_posix.c */,
				65F16A9C2577F1390095C607 /* mz_strm_pkcrypt.c */,
				65F16A9D2577F1390095C607 /* mz_strm_wzaes.h */,
				65F16A9E2577F1390095C607 /* mz_compat.h */,
				65F16A9F2577F1390095C607 /* mz_strm_zlib.c */,
				65F16AA02577F1390095C607 /* mz_zip.c */,
				65F16AA12577F1390095C607 /* mz_os.h */,
				65F16AA22577F1390095C607 /* LICENSE */,
				65F16AA32577F1390095C607 /* mz_zip_rw.c */,
				65F16AA42577F1390095C607 /* mz_strm_split.h */,
				65F16AA52577F1390095C607 /* mz_strm_buf.h */,
				65F16AA62577F1390095C607 /* mz_crypt_apple.c */,
				65F16AA72577F1390095C607 /* mz_strm.h */,
				65F16AA82577F1390095C607 /* mz_strm_mem.c */,
				65F16AA92577F1390095C607 /* mz_crypt.c */,
				65F16AAA2577F1390095C607 /* mz_strm_wzaes.c */,
				65F16AAB2577F1390095C607 /* mz_strm_zlib.h */,
				65F16AAC2577F1390095C607 /* mz_compat.c */,
				65F16AAD2577F1390095C607 /* mz_strm_pkcrypt.h */,
				65F16AAE2577F1390095C607 /* mz_zip_rw.h */,
				65F16AAF2577F1390095C607 /* mz_os.c */,
				65F16AB02577F1390095C607 /* mz_zip.h */,
				65F16AB12577F1390095C607 /* mz_os_posix.c */,
				65F16AB22577F1390095C607 /* mz.h */,
				65F16AB32577F1390095C607 /* mz_strm_buf.c */,
				65F16AB42577F1390095C607 /* mz_strm_split.c */,
				65F16AB52577F1390095C607 /* mz_crypt.h */,
				65F16AB62577F1390095C607 /* mz_strm_mem.h */,
				65F16AB72577F1390095C607 /* mz_strm.c */,
				65F16AB82577F1390095C607 /* mz_strm_os.h */,
			);
			path = minizip;
			sourceTree = "<group>";
		};
		65F16AF3257806150095C607 /* Models */ = {
			isa = PBXGroup;
			children = (
				65F16C0D258123E20095C607 /* Task */,
				65F16B9A258114A20095C607 /* Configuration */,
				65F16B732580F6D50095C607 /* Engineer */,
				65F16B722580F6AA0095C607 /* Project */,
				65F16B602580F5000095C607 /* Git */,
				65F16B592580F4C30095C607 /* Pod */,
				65F16B522580F42B0095C607 /* Package */,
				65F16B4B2580F20D0095C607 /* InfoPlist */,
				65F16AF42578063D0095C607 /* ProvisioningProfile */,
				65F16BAA25811B100095C607 /* Distributor */,
			);
			path = Models;
			sourceTree = "<group>";
		};
		65F16AF42578063D0095C607 /* ProvisioningProfile */ = {
			isa = PBXGroup;
			children = (
				65F16AF52578065F0095C607 /* XAPProvisioningProfileModel.h */,
				65F16AF62578065F0095C607 /* XAPProvisioningProfileModel.m */,
			);
			path = ProvisioningProfile;
			sourceTree = "<group>";
		};
		65F16AFB25780A1B0095C607 /* Frameworks */ = {
			isa = PBXGroup;
			children = (
				65F16AFF25780A230095C607 /* libz.tbd */,
				65F16AFC25780A1C0095C607 /* libiconv.tbd */,
			);
			name = Frameworks;
			sourceTree = "<group>";
		};
		65F16B4B2580F20D0095C607 /* InfoPlist */ = {
			isa = PBXGroup;
			children = (
				65F16B4C2580F2330095C607 /* XAPInfoPlistModel.h */,
				65F16B4D2580F2330095C607 /* XAPInfoPlistModel.m */,
			);
			path = InfoPlist;
			sourceTree = "<group>";
		};
		65F16B522580F42B0095C607 /* Package */ = {
			isa = PBXGroup;
			children = (
				65F16B532580F4390095C607 /* XAPAppModel.h */,
				65F16B542580F4390095C607 /* XAPAppModel.m */,
				65F16B682580F5A70095C607 /* XAPArchiveModel.h */,
				65F16B692580F5A70095C607 /* XAPArchiveModel.m */,
				65F16B6D2580F6170095C607 /* XAPIPAModel.h */,
				65F16B6E2580F6170095C607 /* XAPIPAModel.m */,
			);
			path = Package;
			sourceTree = "<group>";
		};
		65F16B592580F4C30095C607 /* Pod */ = {
			isa = PBXGroup;
			children = (
				65F16B5A2580F4D70095C607 /* XAPPodModel.h */,
				65F16B5B2580F4D70095C607 /* XAPPodModel.m */,
			);
			path = Pod;
			sourceTree = "<group>";
		};
		65F16B602580F5000095C607 /* Git */ = {
			isa = PBXGroup;
			children = (
				65F16B612580F50B0095C607 /* XAPGitModel.h */,
				65F16B622580F50B0095C607 /* XAPGitModel.m */,
			);
			path = Git;
			sourceTree = "<group>";
		};
		65F16B722580F6AA0095C607 /* Project */ = {
			isa = PBXGroup;
			children = (
				65F16B742580F7B50095C607 /* XAPPBXObject.h */,
				65F16B752580F7B50095C607 /* XAPPBXObject.m */,
				65F16B7E258103620095C607 /* XAPWorkspaceModel.h */,
				65F16B7F258103620095C607 /* XAPWorkspaceModel.m */,
				65F16B83258103A50095C607 /* XAPProjectModel.h */,
				65F16B84258103A50095C607 /* XAPProjectModel.m */,
				65F16B882581040E0095C607 /* XAPTargetModel.h */,
				65F16B892581040E0095C607 /* XAPTargetModel.m */,
				65F16B8D2581041E0095C607 /* XAPBuildConfigurationListModel.h */,
				65F16B8E2581041E0095C607 /* XAPBuildConfigurationListModel.m */,
				65F16B922581042C0095C607 /* XAPBuildConfigurationModel.h */,
				65F16B932581042C0095C607 /* XAPBuildConfigurationModel.m */,
			);
			path = Project;
			sourceTree = "<group>";
		};
		65F16B732580F6D50095C607 /* Engineer */ = {
			isa = PBXGroup;
			children = (
				65F16B792581033C0095C607 /* XAPEngineerModel.h */,
				65F16B7A2581033C0095C607 /* XAPEngineerModel.m */,
			);
			path = Engineer;
			sourceTree = "<group>";
		};
		65F16B9A258114A20095C607 /* Configuration */ = {
			isa = PBXGroup;
			children = (
				65F16B9B258114B50095C607 /* XAPConfigurationModel.h */,
				65F16B9C258114B50095C607 /* XAPConfigurationModel.m */,
				65F16BA0258116390095C607 /* XAPProjectExtraConfigurationModel.h */,
				65F16BA1258116390095C607 /* XAPProjectExtraConfigurationModel.m */,
				65F16BA5258117F70095C607 /* XAPArchiveExtraConfigurationModel.h */,
				65F16BA6258117F70095C607 /* XAPArchiveExtraConfigurationModel.m */,
			);
			path = Configuration;
			sourceTree = "<group>";
		};
		65F16BAA25811B100095C607 /* Distributor */ = {
			isa = PBXGroup;
			children = (
				65F16BAB25811B3C0095C607 /* XAPDistributorProtocol.h */,
				65F16BAF25811C590095C607 /* XAPFirDistributor.h */,
				65F16BB025811C590095C607 /* XAPFirDistributor.m */,
				65F16BB425811C640095C607 /* XAPPgyerDistributor.h */,
				65F16BB525811C640095C607 /* XAPPgyerDistributor.m */,
				65F16BB925811C710095C607 /* XAPAppStoreDistributor.h */,
				65F16BBA25811C710095C607 /* XAPAppStoreDistributor.m */,
			);
			path = Distributor;
			sourceTree = "<group>";
		};
		65F16BBE25811FDE0095C607 /* Distribution */ = {
			isa = PBXGroup;
			children = (
				65F16BBF25811FEF0095C607 /* XAPDistributionManager.h */,
				65F16BC025811FEF0095C607 /* XAPDistributionManager.m */,
			);
			path = Distribution;
			sourceTree = "<group>";
		};
		65F16BC5258120410095C607 /* AFNetworking */ = {
			isa = PBXGroup;
			children = (
				65F16BC6258120410095C607 /* UIKit+AFNetworking */,
				65F16BDB258120410095C607 /* AFNetworking */,
			);
			path = AFNetworking;
			sourceTree = "<group>";
		};
		65F16BC6258120410095C607 /* UIKit+AFNetworking */ = {
			isa = PBXGroup;
			children = (
				65F16BC7258120410095C607 /* UIProgressView+AFNetworking.m */,
				65F16BC8258120410095C607 /* UIButton+AFNetworking.h */,
				65F16BC9258120410095C607 /* UIRefreshControl+AFNetworking.m */,
				65F16BCA258120410095C607 /* UIImageView+AFNetworking.h */,
				65F16BCB258120410095C607 /* AFImageDownloader.h */,
				65F16BCC258120410095C607 /* AFNetworkActivityIndicatorManager.m */,
				65F16BCD258120410095C607 /* AFAutoPurgingImageCache.h */,
				65F16BCE258120410095C607 /* UIWebView+AFNetworking.h */,
				65F16BCF258120410095C607 /* UIActivityIndicatorView+AFNetworking.h */,
				65F16BD0258120410095C607 /* UIImage+AFNetworking.h */,
				65F16BD1258120410095C607 /* UIProgressView+AFNetworking.h */,
				65F16BD2258120410095C607 /* UIImageView+AFNetworking.m */,
				65F16BD3258120410095C607 /* UIKit+AFNetworking.h */,
				65F16BD4258120410095C607 /* UIRefreshControl+AFNetworking.h */,
				65F16BD5258120410095C607 /* UIButton+AFNetworking.m */,
				65F16BD6258120410095C607 /* UIActivityIndicatorView+AFNetworking.m */,
				65F16BD7258120410095C607 /* UIWebView+AFNetworking.m */,
				65F16BD8258120410095C607 /* AFAutoPurgingImageCache.m */,
				65F16BD9258120410095C607 /* AFNetworkActivityIndicatorManager.h */,
				65F16BDA258120410095C607 /* AFImageDownloader.m */,
			);
			path = "UIKit+AFNetworking";
			sourceTree = "<group>";
		};
		65F16BDB258120410095C607 /* AFNetworking */ = {
			isa = PBXGroup;
			children = (
				65F16BDC258120410095C607 /* AFSecurityPolicy.h */,
				65F16BDD258120410095C607 /* AFNetworkReachabilityManager.h */,
				65F16BDE258120410095C607 /* AFURLSessionManager.h */,
				65F16BDF258120410095C607 /* AFURLRequestSerialization.h */,
				65F16BE0258120410095C607 /* AFURLResponseSerialization.m */,
				65F16BE1258120410095C607 /* AFHTTPSessionManager.m */,
				65F16BE2258120410095C607 /* AFURLResponseSerialization.h */,
				65F16BE3258120410095C607 /* AFURLSessionManager.m */,
				65F16BE4258120410095C607 /* AFURLRequestSerialization.m */,
				65F16BE5258120410095C607 /* AFNetworking.h */,
				65F16BE6258120410095C607 /* AFNetworkReachabilityManager.m */,
				65F16BE7258120410095C607 /* AFSecurityPolicy.m */,
				65F16BE8258120410095C607 /* AFCompatibilityMacros.h */,
				65F16BE9258120410095C607 /* AFHTTPSessionManager.h */,
			);
			path = AFNetworking;
			sourceTree = "<group>";
		};
		65F16C0D258123E20095C607 /* Task */ = {
			isa = PBXGroup;
			children = (
				65F16C0E258123EB0095C607 /* XAPTaskModel.h */,
				65F16C0F258123EB0095C607 /* XAPTaskModel.m */,
			);
			path = Task;
			sourceTree = "<group>";
		};
		F6F8B7E5257736CC00C5C893 /* Manager */ = {
			isa = PBXGroup;
			children = (
				65F16BBE25811FDE0095C607 /* Distribution */,
				F6F8B7E6257736D000C5C893 /* ProvisioningProfile */,
			);
			path = Manager;
			sourceTree = "<group>";
		};
		F6F8B7E6257736D000C5C893 /* ProvisioningProfile */ = {
			isa = PBXGroup;
			children = (
				F6F8B7E7257736EB00C5C893 /* XAPProvisioningProfileManager.h */,
				F6F8B7E8257736EB00C5C893 /* XAPProvisioningProfileManager.m */,
			);
			path = ProvisioningProfile;
			sourceTree = "<group>";
		};
		F6F8B7ED2577385800C5C893 /* Tools */ = {
			isa = PBXGroup;
			children = (
				F6F8B7EE2577387200C5C893 /* XAPTools.h */,
				F6F8B7EF2577387200C5C893 /* XAPTools.m */,
				65F16A932577F10D0095C607 /* XAPZipTools.h */,
				65F16A942577F10D0095C607 /* XAPZipTools.m */,
				F6C821F3257F53570054183F /* XAPInfoPlistTools.h */,
				F6C821F4257F53570054183F /* XAPInfoPlistTools.m */,
				65F16B42257FAD830095C607 /* XAPXMLTools.h */,
				65F16B43257FAD830095C607 /* XAPXMLTools.m */,
				F6C821FA258070550054183F /* XAPRuntimeTools.h */,
				F6C821FB258070550054183F /* XAPRuntimeTools.m */,
			);
			path = Tools;
			sourceTree = "<group>";
		};
/* End PBXGroup section */

/* Begin PBXHeadersBuildPhase section */
		65F16A50257521110095C607 /* Headers */ = {
			isa = PBXHeadersBuildPhase;
			buildActionMask = 2147483647;
			files = (
				65F16C00258120410095C607 /* AFURLSessionManager.h in Headers */,
				65F16BED258120410095C607 /* UIImageView+AFNetworking.h in Headers */,
				65F16AC62577F13A0095C607 /* mz_strm_split.h in Headers */,
				65F16B9D258114B50095C607 /* XAPConfigurationModel.h in Headers */,
				65F16A852575236E0095C607 /* XAPConstant.h in Headers */,
				F6F8B7E9257736EB00C5C893 /* XAPProvisioningProfileManager.h in Headers */,
				65F16ADB2577F13A0095C607 /* SSZipArchive.h in Headers */,
				65F16B6F2580F6170095C607 /* XAPIPAModel.h in Headers */,
				65F16A7F257522EC0095C607 /* XAPScriptExecutor.h in Headers */,
				65F16A8D25753FB20095C607 /* XAPScriptPathManager.h in Headers */,
				65F16BF7258120410095C607 /* UIRefreshControl+AFNetworking.h in Headers */,
				65F16B98258113100095C607 /* XAPEngineerModel.h in Headers */,
				65F16B44257FAD830095C607 /* XAPXMLTools.h in Headers */,
				65F16AD82577F13A0095C607 /* mz_strm_mem.h in Headers */,
				F6C821FC258070550054183F /* XAPRuntimeTools.h in Headers */,
				65F16BF1258120410095C607 /* UIWebView+AFNetworking.h in Headers */,
				65F16AC02577F1390095C607 /* mz_compat.h in Headers */,
				65F16AC32577F1390095C607 /* mz_os.h in Headers */,
				65F16BC125811FEF0095C607 /* XAPDistributionManager.h in Headers */,
				65F16B6A2580F5A70095C607 /* XAPArchiveModel.h in Headers */,
				65F16A70257522C10095C607 /* XAPScriptModel.h in Headers */,
				65F16BF4258120410095C607 /* UIProgressView+AFNetworking.h in Headers */,
				65F16BF0258120410095C607 /* AFAutoPurgingImageCache.h in Headers */,
				65F16C0A258120410095C607 /* AFCompatibilityMacros.h in Headers */,
				65F16C07258120410095C607 /* AFNetworking.h in Headers */,
				65F16BF6258120410095C607 /* UIKit+AFNetworking.h in Headers */,
				65F16AD72577F13A0095C607 /* mz_crypt.h in Headers */,
				65F16C01258120410095C607 /* AFURLRequestSerialization.h in Headers */,
				65F16ADC2577F13A0095C607 /* SSZipCommon.h in Headers */,
				65F16B762580F7B50095C607 /* XAPPBXObject.h in Headers */,
				F6C821F5257F53570054183F /* XAPInfoPlistTools.h in Headers */,
				65F16C04258120410095C607 /* AFURLResponseSerialization.h in Headers */,
				65F16BFF258120410095C607 /* AFNetworkReachabilityManager.h in Headers */,
				65F16C10258123EB0095C607 /* XAPTaskModel.h in Headers */,
				65F16BAC25811B3C0095C607 /* XAPDistributorProtocol.h in Headers */,
				65F16B85258103A50095C607 /* XAPProjectModel.h in Headers */,
				65F16AC92577F13A0095C607 /* mz_strm.h in Headers */,
				65F16ABC2577F1390095C607 /* ZipArchive.h in Headers */,
				65F16B8A2581040E0095C607 /* XAPTargetModel.h in Headers */,
				65F16BA7258117F70095C607 /* XAPArchiveExtraConfigurationModel.h in Headers */,
				65F16C0B258120410095C607 /* AFHTTPSessionManager.h in Headers */,
				65F16BB625811C640095C607 /* XAPPgyerDistributor.h in Headers */,
				65F16A6A257522B10095C607 /* XAPScriptor.h in Headers */,
				65F16AD22577F13A0095C607 /* mz_zip.h in Headers */,
				65F16A952577F10D0095C607 /* XAPZipTools.h in Headers */,
				65F16B5C2580F4D70095C607 /* XAPPodModel.h in Headers */,
				65F16BA2258116390095C607 /* XAPProjectExtraConfigurationModel.h in Headers */,
				65F16B632580F50B0095C607 /* XAPGitModel.h in Headers */,
				65F16AC72577F13A0095C607 /* mz_strm_buf.h in Headers */,
				65F16ACF2577F13A0095C607 /* mz_strm_pkcrypt.h in Headers */,
				F6F8B7F02577387200C5C893 /* XAPTools.h in Headers */,
				65F16A5A257521110095C607 /* XAPSDK.h in Headers */,
				65F16BFC258120410095C607 /* AFNetworkActivityIndicatorManager.h in Headers */,
				65F16B942581042C0095C607 /* XAPBuildConfigurationModel.h in Headers */,
				65F16AF72578065F0095C607 /* XAPProvisioningProfileModel.h in Headers */,
				65F16ABF2577F1390095C607 /* mz_strm_wzaes.h in Headers */,
				65F16B552580F4390095C607 /* XAPAppModel.h in Headers */,
				65F16BF2258120410095C607 /* UIActivityIndicatorView+AFNetworking.h in Headers */,
				65F16ACD2577F13A0095C607 /* mz_strm_zlib.h in Headers */,
				65F16BBB25811C710095C607 /* XAPAppStoreDistributor.h in Headers */,
				65F16BF3258120410095C607 /* UIImage+AFNetworking.h in Headers */,
				65F16BB125811C590095C607 /* XAPFirDistributor.h in Headers */,
				65F16B80258103620095C607 /* XAPWorkspaceModel.h in Headers */,
				65F16BFE258120410095C607 /* AFSecurityPolicy.h in Headers */,
				65F16B4E2580F2330095C607 /* XAPInfoPlistModel.h in Headers */,
				65F16B8F2581041E0095C607 /* XAPBuildConfigurationListModel.h in Headers */,
				65F16AD42577F13A0095C607 /* mz.h in Headers */,
				65F16AD02577F13A0095C607 /* mz_zip_rw.h in Headers */,
				65F16ADA2577F13A0095C607 /* mz_strm_os.h in Headers */,
				65F16BEE258120410095C607 /* AFImageDownloader.h in Headers */,
				65F16A7A257522DD0095C607 /* XAPScriptResposity.h in Headers */,
				65F16BEB258120410095C607 /* UIButton+AFNetworking.h in Headers */,
			);
			runOnlyForDeploymentPostprocessing = 0;
		};
/* End PBXHeadersBuildPhase section */

/* Begin PBXNativeTarget section */
		65F16A54257521110095C607 /* XAPSDK */ = {
			isa = PBXNativeTarget;
			buildConfigurationList = 65F16A5D257521110095C607 /* Build configuration list for PBXNativeTarget "XAPSDK" */;
			buildPhases = (
				65F16A50257521110095C607 /* Headers */,
				65F16A51257521110095C607 /* Sources */,
				65F16A52257521110095C607 /* Frameworks */,
				65F16A53257521110095C607 /* Resources */,
			);
			buildRules = (
			);
			dependencies = (
			);
			name = XAPSDK;
			productName = XAPSDK;
			productReference = 65F16A55257521110095C607 /* XAPSDK.framework */;
			productType = "com.apple.product-type.framework";
		};
/* End PBXNativeTarget section */

/* Begin PBXProject section */
		65F16A4C257521110095C607 /* Project object */ = {
			isa = PBXProject;
			attributes = {
				CLASSPREFIX = XAP;
				LastUpgradeCheck = 1210;
				TargetAttributes = {
					65F16A54257521110095C607 = {
						CreatedOnToolsVersion = 12.1;
					};
				};
			};
			buildConfigurationList = 65F16A4F257521110095C607 /* Build configuration list for PBXProject "XAPSDK" */;
			compatibilityVersion = "Xcode 9.3";
			developmentRegion = en;
			hasScannedForEncodings = 0;
			knownRegions = (
				en,
				Base,
			);
			mainGroup = 65F16A4B257521110095C607;
			productRefGroup = 65F16A56257521110095C607 /* Products */;
			projectDirPath = "";
			projectRoot = "";
			targets = (
				65F16A54257521110095C607 /* XAPSDK */,
			);
		};
/* End PBXProject section */

/* Begin PBXResourcesBuildPhase section */
		65F16A53257521110095C607 /* Resources */ = {
			isa = PBXResourcesBuildPhase;
			buildActionMask = 2147483647;
			files = (
				65F16AC42577F1390095C607 /* LICENSE in Resources */,
			);
			runOnlyForDeploymentPostprocessing = 0;
		};
/* End PBXResourcesBuildPhase section */

/* Begin PBXSourcesBuildPhase section */
		65F16A51257521110095C607 /* Sources */ = {
			isa = PBXSourcesBuildPhase;
			buildActionMask = 2147483647;
			files = (
				65F16A8E25753FB20095C607 /* XAPScriptPathManager.m in Sources */,
				65F16ADD2577F13A0095C607 /* SSZipArchive.m in Sources */,
				65F16BF8258120410095C607 /* UIButton+AFNetworking.m in Sources */,
				65F16A71257522C10095C607 /* XAPScriptModel.m in Sources */,
				65F16A6B257522B10095C607 /* XAPScriptor.m in Sources */,
				65F16BEA258120410095C607 /* UIProgressView+AFNetworking.m in Sources */,
				65F16BF5258120410095C607 /* UIImageView+AFNetworking.m in Sources */,
				65F16BC225811FEF0095C607 /* XAPDistributionManager.m in Sources */,
				65F16AC12577F1390095C607 /* mz_strm_zlib.c in Sources */,
				65F16BFD258120410095C607 /* AFImageDownloader.m in Sources */,
				65F16C08258120410095C607 /* AFNetworkReachabilityManager.m in Sources */,
				65F16BFB258120410095C607 /* AFAutoPurgingImageCache.m in Sources */,
				65F16B5D2580F4D70095C607 /* XAPPodModel.m in Sources */,
				F6F8B7EA257736EB00C5C893 /* XAPProvisioningProfileManager.m in Sources */,
				65F16AF82578065F0095C607 /* XAPProvisioningProfileModel.m in Sources */,
				65F16AC52577F13A0095C607 /* mz_zip_rw.c in Sources */,
				65F16AC22577F1390095C607 /* mz_zip.c in Sources */,
				65F16B7C2581033C0095C607 /* XAPEngineerModel.m in Sources */,
				65F16A862575236E0095C607 /* XAPConstant.m in Sources */,
				65F16B8B2581040E0095C607 /* XAPTargetModel.m in Sources */,
				65F16B902581041E0095C607 /* XAPBuildConfigurationListModel.m in Sources */,
				65F16ACA2577F13A0095C607 /* mz_strm_mem.c in Sources */,
				65F16BB225811C590095C607 /* XAPFirDistributor.m in Sources */,
				65F16AD32577F13A0095C607 /* mz_os_posix.c in Sources */,
				65F16AD62577F13A0095C607 /* mz_strm_split.c in Sources */,
				65F16ACB2577F13A0095C607 /* mz_crypt.c in Sources */,
				65F16A962577F10D0095C607 /* XAPZipTools.m in Sources */,
				65F16B81258103620095C607 /* XAPWorkspaceModel.m in Sources */,
				65F16C03258120410095C607 /* AFHTTPSessionManager.m in Sources */,
				65F16B562580F4390095C607 /* XAPAppModel.m in Sources */,
				65F16B952581042C0095C607 /* XAPBuildConfigurationModel.m in Sources */,
				65F16ABD2577F1390095C607 /* mz_strm_os_posix.c in Sources */,
				65F16C06258120410095C607 /* AFURLRequestSerialization.m in Sources */,
				65F16B642580F50B0095C607 /* XAPGitModel.m in Sources */,
				65F16B772580F7B50095C607 /* XAPPBXObject.m in Sources */,
				65F16B9E258114B50095C607 /* XAPConfigurationModel.m in Sources */,
				65F16AD92577F13A0095C607 /* mz_strm.c in Sources */,
				65F16A80257522EC0095C607 /* XAPScriptExecutor.m in Sources */,
				65F16ACC2577F13A0095C607 /* mz_strm_wzaes.c in Sources */,
				65F16BA8258117F70095C607 /* XAPArchiveExtraConfigurationModel.m in Sources */,
				65F16B45257FAD830095C607 /* XAPXMLTools.m in Sources */,
				65F16BF9258120410095C607 /* UIActivityIndicatorView+AFNetworking.m in Sources */,
				65F16A7B257522DD0095C607 /* XAPScriptResposity.m in Sources */,
				F6C821F6257F53570054183F /* XAPInfoPlistTools.m in Sources */,
				F6C821FD258070550054183F /* XAPRuntimeTools.m in Sources */,
				65F16B702580F6170095C607 /* XAPIPAModel.m in Sources */,
				65F16B6B2580F5A70095C607 /* XAPArchiveModel.m in Sources */,
				65F16BBC25811C710095C607 /* XAPAppStoreDistributor.m in Sources */,
				65F16BA3258116390095C607 /* XAPProjectExtraConfigurationModel.m in Sources */,
				65F16BEC258120410095C607 /* UIRefreshControl+AFNetworking.m in Sources */,
				65F16ABE2577F1390095C607 /* mz_strm_pkcrypt.c in Sources */,
				65F16AD12577F13A0095C607 /* mz_os.c in Sources */,
				65F16AC82577F13A0095C607 /* mz_crypt_apple.c in Sources */,
				65F16C11258123EB0095C607 /* XAPTaskModel.m in Sources */,
				65F16B86258103A50095C607 /* XAPProjectModel.m in Sources */,
				F6F8B7F12577387200C5C893 /* XAPTools.m in Sources */,
				65F16AD52577F13A0095C607 /* mz_strm_buf.c in Sources */,
				65F16C05258120410095C607 /* AFURLSessionManager.m in Sources */,
				65F16BEF258120410095C607 /* AFNetworkActivityIndicatorManager.m in Sources */,
				65F16BFA258120410095C607 /* UIWebView+AFNetworking.m in Sources */,
				65F16B4F2580F2330095C607 /* XAPInfoPlistModel.m in Sources */,
				65F16C09258120410095C607 /* AFSecurityPolicy.m in Sources */,
				65F16C02258120410095C607 /* AFURLResponseSerialization.m in Sources */,
				65F16ACE2577F13A0095C607 /* mz_compat.c in Sources */,
				65F16BB725811C640095C607 /* XAPPgyerDistributor.m in Sources */,
			);
			runOnlyForDeploymentPostprocessing = 0;
		};
/* End PBXSourcesBuildPhase section */

/* Begin XCBuildConfiguration section */
		65F16A5B257521110095C607 /* Debug */ = {
			isa = XCBuildConfiguration;
			buildSettings = {
				ALWAYS_SEARCH_USER_PATHS = NO;
				CLANG_ANALYZER_NONNULL = YES;
				CLANG_ANALYZER_NUMBER_OBJECT_CONVERSION = YES_AGGRESSIVE;
				CLANG_CXX_LANGUAGE_STANDARD = "gnu++14";
				CLANG_CXX_LIBRARY = "libc++";
				CLANG_ENABLE_MODULES = YES;
				CLANG_ENABLE_OBJC_ARC = YES;
				CLANG_ENABLE_OBJC_WEAK = YES;
				CLANG_WARN_BLOCK_CAPTURE_AUTORELEASING = YES;
				CLANG_WARN_BOOL_CONVERSION = YES;
				CLANG_WARN_COMMA = YES;
				CLANG_WARN_CONSTANT_CONVERSION = YES;
				CLANG_WARN_DEPRECATED_OBJC_IMPLEMENTATIONS = YES;
				CLANG_WARN_DIRECT_OBJC_ISA_USAGE = YES_ERROR;
				CLANG_WARN_DOCUMENTATION_COMMENTS = YES;
				CLANG_WARN_EMPTY_BODY = YES;
				CLANG_WARN_ENUM_CONVERSION = YES;
				CLANG_WARN_INFINITE_RECURSION = YES;
				CLANG_WARN_INT_CONVERSION = YES;
				CLANG_WARN_NON_LITERAL_NULL_CONVERSION = YES;
				CLANG_WARN_OBJC_IMPLICIT_RETAIN_SELF = YES;
				CLANG_WARN_OBJC_LITERAL_CONVERSION = YES;
				CLANG_WARN_OBJC_ROOT_CLASS = YES_ERROR;
				CLANG_WARN_QUOTED_INCLUDE_IN_FRAMEWORK_HEADER = YES;
				CLANG_WARN_RANGE_LOOP_ANALYSIS = YES;
				CLANG_WARN_STRICT_PROTOTYPES = YES;
				CLANG_WARN_SUSPICIOUS_MOVE = YES;
				CLANG_WARN_UNGUARDED_AVAILABILITY = YES_AGGRESSIVE;
				CLANG_WARN_UNREACHABLE_CODE = YES;
				CLANG_WARN__DUPLICATE_METHOD_MATCH = YES;
				COPY_PHASE_STRIP = NO;
				CURRENT_PROJECT_VERSION = 1;
				DEBUG_INFORMATION_FORMAT = dwarf;
				ENABLE_STRICT_OBJC_MSGSEND = YES;
				ENABLE_TESTABILITY = YES;
				GCC_C_LANGUAGE_STANDARD = gnu11;
				GCC_DYNAMIC_NO_PIC = NO;
				GCC_NO_COMMON_BLOCKS = YES;
				GCC_OPTIMIZATION_LEVEL = 0;
				GCC_PREPROCESSOR_DEFINITIONS = (
					"DEBUG=1",
					"$(inherited)",
				);
				GCC_WARN_64_TO_32_BIT_CONVERSION = YES;
				GCC_WARN_ABOUT_RETURN_TYPE = YES_ERROR;
				GCC_WARN_UNDECLARED_SELECTOR = YES;
				GCC_WARN_UNINITIALIZED_AUTOS = YES_AGGRESSIVE;
				GCC_WARN_UNUSED_FUNCTION = YES;
				GCC_WARN_UNUSED_VARIABLE = YES;
				MACOSX_DEPLOYMENT_TARGET = 10.15;
				MTL_ENABLE_DEBUG_INFO = INCLUDE_SOURCE;
				MTL_FAST_MATH = YES;
				ONLY_ACTIVE_ARCH = YES;
				SDKROOT = macosx;
				VERSIONING_SYSTEM = "apple-generic";
				VERSION_INFO_PREFIX = "";
			};
			name = Debug;
		};
		65F16A5C257521110095C607 /* Release */ = {
			isa = XCBuildConfiguration;
			buildSettings = {
				ALWAYS_SEARCH_USER_PATHS = NO;
				CLANG_ANALYZER_NONNULL = YES;
				CLANG_ANALYZER_NUMBER_OBJECT_CONVERSION = YES_AGGRESSIVE;
				CLANG_CXX_LANGUAGE_STANDARD = "gnu++14";
				CLANG_CXX_LIBRARY = "libc++";
				CLANG_ENABLE_MODULES = YES;
				CLANG_ENABLE_OBJC_ARC = YES;
				CLANG_ENABLE_OBJC_WEAK = YES;
				CLANG_WARN_BLOCK_CAPTURE_AUTORELEASING = YES;
				CLANG_WARN_BOOL_CONVERSION = YES;
				CLANG_WARN_COMMA = YES;
				CLANG_WARN_CONSTANT_CONVERSION = YES;
				CLANG_WARN_DEPRECATED_OBJC_IMPLEMENTATIONS = YES;
				CLANG_WARN_DIRECT_OBJC_ISA_USAGE = YES_ERROR;
				CLANG_WARN_DOCUMENTATION_COMMENTS = YES;
				CLANG_WARN_EMPTY_BODY = YES;
				CLANG_WARN_ENUM_CONVERSION = YES;
				CLANG_WARN_INFINITE_RECURSION = YES;
				CLANG_WARN_INT_CONVERSION = YES;
				CLANG_WARN_NON_LITERAL_NULL_CONVERSION = YES;
				CLANG_WARN_OBJC_IMPLICIT_RETAIN_SELF = YES;
				CLANG_WARN_OBJC_LITERAL_CONVERSION = YES;
				CLANG_WARN_OBJC_ROOT_CLASS = YES_ERROR;
				CLANG_WARN_QUOTED_INCLUDE_IN_FRAMEWORK_HEADER = YES;
				CLANG_WARN_RANGE_LOOP_ANALYSIS = YES;
				CLANG_WARN_STRICT_PROTOTYPES = YES;
				CLANG_WARN_SUSPICIOUS_MOVE = YES;
				CLANG_WARN_UNGUARDED_AVAILABILITY = YES_AGGRESSIVE;
				CLANG_WARN_UNREACHABLE_CODE = YES;
				CLANG_WARN__DUPLICATE_METHOD_MATCH = YES;
				COPY_PHASE_STRIP = NO;
				CURRENT_PROJECT_VERSION = 1;
				DEBUG_INFORMATION_FORMAT = "dwarf-with-dsym";
				ENABLE_NS_ASSERTIONS = NO;
				ENABLE_STRICT_OBJC_MSGSEND = YES;
				GCC_C_LANGUAGE_STANDARD = gnu11;
				GCC_NO_COMMON_BLOCKS = YES;
				GCC_WARN_64_TO_32_BIT_CONVERSION = YES;
				GCC_WARN_ABOUT_RETURN_TYPE = YES_ERROR;
				GCC_WARN_UNDECLARED_SELECTOR = YES;
				GCC_WARN_UNINITIALIZED_AUTOS = YES_AGGRESSIVE;
				GCC_WARN_UNUSED_FUNCTION = YES;
				GCC_WARN_UNUSED_VARIABLE = YES;
				MACOSX_DEPLOYMENT_TARGET = 10.15;
				MTL_ENABLE_DEBUG_INFO = NO;
				MTL_FAST_MATH = YES;
				SDKROOT = macosx;
				VERSIONING_SYSTEM = "apple-generic";
				VERSION_INFO_PREFIX = "";
			};
			name = Release;
		};
		65F16A5E257521110095C607 /* Debug */ = {
			isa = XCBuildConfiguration;
			buildSettings = {
				CODE_SIGN_STYLE = Automatic;
				COMBINE_HIDPI_IMAGES = YES;
				DEFINES_MODULE = YES;
				DYLIB_COMPATIBILITY_VERSION = 1;
				DYLIB_CURRENT_VERSION = 1;
				DYLIB_INSTALL_NAME_BASE = "@rpath";
				GCC_PREFIX_HEADER = $SRCROOT/XAPSDK/Common/XAPPrefixHeader.pch;
				INFOPLIST_FILE = XAPSDK/Info.plist;
				INSTALL_PATH = "$(LOCAL_LIBRARY_DIR)/Frameworks";
				LD_RUNPATH_SEARCH_PATHS = (
					"$(inherited)",
					"@executable_path/../Frameworks",
					"@loader_path/Frameworks",
				);
				PRODUCT_BUNDLE_IDENTIFIER = com.daniel.XAPSDK;
				PRODUCT_NAME = "$(TARGET_NAME:c99extidentifier)";
				SKIP_INSTALL = YES;
			};
			name = Debug;
		};
		65F16A5F257521110095C607 /* Release */ = {
			isa = XCBuildConfiguration;
			buildSettings = {
				CODE_SIGN_STYLE = Automatic;
				COMBINE_HIDPI_IMAGES = YES;
				DEFINES_MODULE = YES;
				DYLIB_COMPATIBILITY_VERSION = 1;
				DYLIB_CURRENT_VERSION = 1;
				DYLIB_INSTALL_NAME_BASE = "@rpath";
				GCC_PREFIX_HEADER = $SRCROOT/XAPSDK/Common/XAPPrefixHeader.pch;
				INFOPLIST_FILE = XAPSDK/Info.plist;
				INSTALL_PATH = "$(LOCAL_LIBRARY_DIR)/Frameworks";
				LD_RUNPATH_SEARCH_PATHS = (
					"$(inherited)",
					"@executable_path/../Frameworks",
					"@loader_path/Frameworks",
				);
				PRODUCT_BUNDLE_IDENTIFIER = com.daniel.XAPSDK;
				PRODUCT_NAME = "$(TARGET_NAME:c99extidentifier)";
				SKIP_INSTALL = YES;
			};
			name = Release;
		};
/* End XCBuildConfiguration section */

/* Begin XCConfigurationList section */
		65F16A4F257521110095C607 /* Build configuration list for PBXProject "XAPSDK" */ = {
			isa = XCConfigurationList;
			buildConfigurations = (
				65F16A5B257521110095C607 /* Debug */,
				65F16A5C257521110095C607 /* Release */,
			);
			defaultConfigurationIsVisible = 0;
			defaultConfigurationName = Release;
		};
		65F16A5D257521110095C607 /* Build configuration list for PBXNativeTarget "XAPSDK" */ = {
			isa = XCConfigurationList;
			buildConfigurations = (
				65F16A5E257521110095C607 /* Debug */,
				65F16A5F257521110095C607 /* Release */,
			);
			defaultConfigurationIsVisible = 0;
			defaultConfigurationName = Release;
		};
/* End XCConfigurationList section */
	};
	rootObject = 65F16A4C257521110095C607 /* Project object */;
}
